{
	"_OFProjectGeneratorVersion": "0.104.0",
	"archiveVersion": "1",
	"classes": {},
	"objectVersion": "54",
	"objects": {
		"0363B407-06FD-4A8E-BA9A-F69512C8B027": {
			"fileEncoding": "4",
			"isa": "PBXFileReference",
			"lastKnownFileType": "sourcecode.cpp.h",
			"name": "SoftCircleShader.h",
			"sourceTree": "<group>"
		},
		"04ADA06D-76F3-4AA4-BD35-E5D5901F40FE": {
			"fileEncoding": "4",
			"isa": "PBXFileReference",
			"lastKnownFileType": "sourcecode.cpp.cpp",
			"name": "ofxHistoryPlot.cpp",
			"sourceTree": "<group>"
		},
		"050DE0A1-72E1-4F81-8F09-718659F36C5F": {
			"fileEncoding": "4",
			"isa": "PBXFileReference",
			"lastKnownFileType": "sourcecode.cpp.h",
			"name": "RefractiveRectangleShader.h",
			"sourceTree": "<group>"
		},
		"05102C7E-984E-4F2B-AD33-50DC2DEA644B": {
			"fileEncoding": "4",
			"isa": "PBXFileReference",
			"lastKnownFileType": "sourcecode.cpp.h",
			"name": "JacobiShader.h",
			"sourceTree": "<group>"
		},
		"05BD101D-E50B-4731-BF02-EC4828722C35": {
			"fileRef": "295D4E75-7DDF-46AF-95BD-EEE96FB09D65",
			"isa": "PBXBuildFile"
		},
		"05C5E720-E14B-4D50-8E0E-A9B0ED6DB5C2": {
			"fileEncoding": "4",
			"isa": "PBXFileReference",
			"lastKnownFileType": "sourcecode.cpp.h",
			"name": "AddTextureShader.h",
			"sourceTree": "<group>"
		},
		"0B1DFE53-E0BE-4B52-973A-E6666C18EEA8": {
			"fileEncoding": "4",
			"isa": "PBXFileReference",
			"lastKnownFileType": "sourcecode.cpp.cpp",
			"name": "ofxMotionFromVideo.cpp",
			"sourceTree": "<group>"
		},
		"0E424D80-1F8B-4CDA-91C0-33407071684D": {
			"fileEncoding": "4",
			"isa": "PBXFileReference",
			"lastKnownFileType": "sourcecode.cpp.h",
			"name": "TranslateShader.h",
			"sourceTree": "<group>"
		},
		"0F249570-6477-4E31-8C92-B907DD12CBF9": {
			"fileEncoding": "4",
			"isa": "PBXFileReference",
			"lastKnownFileType": "sourcecode.cpp.h",
			"name": "SubtractDivergenceShader.h",
			"sourceTree": "<group>"
		},
		"15D2CE83-02C4-46ED-B212-E2FE74AA9445": {
			"children": [
				"05C5E720-E14B-4D50-8E0E-A9B0ED6DB5C2",
				"1939FC07-3A58-401F-94CB-E88F7955B656",
				"DDCF7F26-EBD0-42D0-95E7-70A48EE17568",
				"BD4D01B4-458D-472D-AB54-4DFD22568D4C",
				"7402201F-D700-4997-925B-5E786BED7D99",
				"90D92343-AED7-4D66-B4DB-6AC02524869B",
				"DC5E93ED-F42F-4486-B28F-FA40C9547EB4",
				"3CABCD99-229B-49CC-A72A-CD761F581E4C",
				"B313A062-83F2-46F8-BC80-4CB8FCBEBEE9",
				"050DE0A1-72E1-4F81-8F09-718659F36C5F",
				"959EAB7C-50F4-4AF2-92B9-5B1DA414FDDC",
				"0363B407-06FD-4A8E-BA9A-F69512C8B027",
				"5350FE5C-B5BD-4CAD-98DD-EB03CECFC51B",
				"48D6D77D-B052-4793-A791-38AEC5C46956",
				"0E424D80-1F8B-4CDA-91C0-33407071684D"
			],
			"isa": "PBXGroup",
			"name": "shaders",
			"path": "shaders",
			"sourceTree": "<group>"
		},
		"16DB4E83-F2D2-46E2-BC3D-A81C067D6557": {
			"fileRef": "B70DE9D5-205E-4513-BCA6-D0F34E3A048F",
			"isa": "PBXBuildFile"
		},
		"191CD6FA2847E21E0085CBB6": {
			"fileEncoding": "4",
			"isa": "PBXFileReference",
			"lastKnownFileType": "text.plist.entitlements",
			"path": "of.entitlements",
			"sourceTree": "<group>"
		},
		"191EF70929D778A400F35F26": {
			"isa": "PBXFileReference",
			"lastKnownFileType": "folder",
			"name": "openFrameworks",
			"path": "../../../libs/openFrameworks",
			"sourceTree": "SOURCE_ROOT"
		},
		"1939FC07-3A58-401F-94CB-E88F7955B656": {
			"fileEncoding": "4",
			"isa": "PBXFileReference",
			"lastKnownFileType": "sourcecode.cpp.h",
			"name": "AddTextureThresholded.h",
			"sourceTree": "<group>"
		},
		"19B789C429E5AB4A0082E9B8": {
			"alwaysOutOfDate": "1",
			"buildActionMask": "2147483647",
			"files": [],
			"inputFileListPaths": [],
			"inputPaths": [],
			"isa": "PBXShellScriptBuildPhase",
			"outputFileListPaths": [],
			"outputPaths": [],
			"runOnlyForDeploymentPostprocessing": "0",
			"shellPath": "/bin/sh",
			"shellScript": "\"$OF_PATH/scripts/osx/xcode_project.sh\"\n",
			"showEnvVarsInLog": "0"
		},
		"1E97E936-CFED-4FB9-8E45-0E7B5C6E2338": {
			"fileEncoding": "4",
			"isa": "PBXFileReference",
			"lastKnownFileType": "sourcecode.cpp.h",
			"name": "ofxTimeMeasurements.h",
			"sourceTree": "<group>"
		},
		"20D07010-B291-46BC-8A0F-3DA88F0DB54F": {
			"fileEncoding": "4",
			"isa": "PBXFileReference",
			"lastKnownFileType": "sourcecode.cpp.h",
			"name": "GL_Measurement.h",
			"sourceTree": "<group>"
		},
		"255123A3-B3E0-48E9-82A6-EBF3A1F873FC": {
			"fileRef": "5E346F5D-06EC-4FDA-95FC-8EA51AF571D2",
			"isa": "PBXBuildFile"
		},
		"295D4E75-7DDF-46AF-95BD-EEE96FB09D65": {
			"fileEncoding": "4",
			"isa": "PBXFileReference",
			"lastKnownFileType": "sourcecode.cpp.cpp",
			"name": "MinimalTree.cpp",
			"sourceTree": "<group>"
		},
		"30BE477E-ED47-44A8-9BD8-BF5A91188F6A": {
			"children": [
				"B7412CA0-FDD1-419E-80AE-7253D9F98876"
			],
			"isa": "PBXGroup",
			"name": "ofxTimeMeasurements",
			"path": "ofxTimeMeasurements",
			"sourceTree": "<group>"
		},
		"33BD0212-3819-4F04-8595-7617CC3AA520": {
			"fileEncoding": "4",
			"isa": "PBXFileReference",
			"lastKnownFileType": "sourcecode.cpp.h",
			"name": "Effect.h",
			"sourceTree": "<group>"
		},
		"3850103C-250C-449A-AAF1-C32B54155808": {
			"fileEncoding": "4",
			"isa": "PBXFileReference",
			"lastKnownFileType": "sourcecode.cpp.h",
			"name": "ofxMotionFromVideo.h",
			"sourceTree": "<group>"
		},
		"3B3F25AC-109D-4251-A70E-6755EE7D99EB": {
			"children": [
				"C7B0A736-A999-4415-BE6B-C2F600F7F010"
			],
			"isa": "PBXGroup",
			"name": "ofxRenderer",
			"path": "ofxRenderer",
			"sourceTree": "<group>"
		},
		"3B495EF6-033E-48EF-8478-6B3C162E943C": {
			"fileEncoding": "4",
			"isa": "PBXFileReference",
			"lastKnownFileType": "sourcecode.cpp.h",
			"name": "FadeEffect.h",
			"sourceTree": "<group>"
		},
		"3CABCD99-229B-49CC-A72A-CD761F581E4C": {
			"fileEncoding": "4",
			"isa": "PBXFileReference",
			"lastKnownFileType": "sourcecode.cpp.h",
			"name": "MultiplyColorShader.h",
			"sourceTree": "<group>"
		},
		"3D26A3E6-8DB1-4E96-81A9-A48F05C0CC84": {
			"children": [
				"3B495EF6-033E-48EF-8478-6B3C162E943C",
				"7A3D763D-5973-4506-9226-3F4B867D70A3"
			],
			"isa": "PBXGroup",
			"name": "effects",
			"path": "effects",
			"sourceTree": "<group>"
		},
		"454F49E1-796C-418C-BFB7-1C7156CA2F4A": {
			"fileEncoding": "4",
			"isa": "PBXFileReference",
			"lastKnownFileType": "sourcecode.cpp.h",
			"name": "Shader.h",
			"sourceTree": "<group>"
		},
		"46BAD6D9-009E-4F39-92D3-FC3E456C6CAB": {
			"fileEncoding": "4",
			"isa": "PBXFileReference",
			"lastKnownFileType": "sourcecode.cpp.h",
			"name": "ofxTimeMeasurementsScoped.h",
			"sourceTree": "<group>"
		},
		"48D6D77D-B052-4793-A791-38AEC5C46956": {
			"fileEncoding": "4",
			"isa": "PBXFileReference",
			"lastKnownFileType": "sourcecode.cpp.h",
			"name": "TonemapShader.h",
			"sourceTree": "<group>"
		},
		"4B397AEE-F632-4CCA-B353-1AC28179727F": {
			"fileEncoding": "4",
			"isa": "PBXFileReference",
			"lastKnownFileType": "sourcecode.cpp.h",
			"name": "ofxButton.h",
			"sourceTree": "<group>"
		},
		"4B6068F0-E13A-4BD9-B283-B630D7569724": {
			"fileEncoding": "4",
			"isa": "PBXFileReference",
			"lastKnownFileType": "sourcecode.cpp.h",
			"name": "VorticityRenderer.h",
			"sourceTree": "<group>"
		},
		"4E93E369-23DD-4C48-AC26-F93AB5D2669E": {
			"fileRef": "C99A69C8-9F10-4572-AAA4-AD2320F88738",
			"isa": "PBXBuildFile"
		},
		"4EEFB5C3-60E7-49B9-BF9E-5EB6ABF7DEC8": {
			"fileEncoding": "4",
			"isa": "PBXFileReference",
			"lastKnownFileType": "sourcecode.cpp.cpp",
			"name": "ofxToggle.cpp",
			"sourceTree": "<group>"
		},
		"5350FE5C-B5BD-4CAD-98DD-EB03CECFC51B": {
			"fileEncoding": "4",
			"isa": "PBXFileReference",
			"lastKnownFileType": "sourcecode.cpp.h",
			"name": "ThresholdedAddShader.h",
			"sourceTree": "<group>"
		},
		"53CE408D-9973-4279-939D-350B3D815942": {
			"fileEncoding": "4",
			"isa": "PBXFileReference",
			"lastKnownFileType": "sourcecode.cpp.h",
			"name": "ofxLabel.h",
			"sourceTree": "<group>"
		},
		"56F72BF5-F237-4604-9F0A-A134B6BCA4B6": {
			"children": [
				"CEB201F7-3C2F-44F2-B552-F73CEA1BC359"
			],
			"isa": "PBXGroup",
			"name": "ofxGui",
			"path": "ofxGui",
			"sourceTree": "<group>"
		},
		"583F6E0E-9719-4CF5-AAC9-2FE7EE88D854": {
			"fileRef": "A71FA482-603F-462F-85B7-AD236745DEE8",
			"isa": "PBXBuildFile"
		},
		"5BFAFC4E-0738-4A86-B181-100138C57F8D": {
			"fileEncoding": "4",
			"isa": "PBXFileReference",
			"lastKnownFileType": "sourcecode.cpp.h",
			"name": "ofxSliderGroup.h",
			"sourceTree": "<group>"
		},
		"5CE91443-D45D-44AE-B912-69B7A927972A": {
			"fileRef": "B3FAA1FE-EE7F-4491-B2B6-54F196A81DDD",
			"isa": "PBXBuildFile"
		},
		"5D38D446-7D45-41A5-8F61-BC78D8A937B5": {
			"fileEncoding": "4",
			"isa": "PBXFileReference",
			"lastKnownFileType": "sourcecode.cpp.h",
			"name": "ofxInputField.h",
			"sourceTree": "<group>"
		},
		"5D4BAE7A-6B1D-4383-91BE-7A9C9188A57E": {
			"fileEncoding": "4",
			"isa": "PBXFileReference",
			"lastKnownFileType": "sourcecode.cpp.h",
			"name": "ofxBaseGui.h",
			"sourceTree": "<group>"
		},
		"5E346F5D-06EC-4FDA-95FC-8EA51AF571D2": {
			"fileEncoding": "4",
			"isa": "PBXFileReference",
			"lastKnownFileType": "sourcecode.cpp.cpp",
			"name": "ofxPanel.cpp",
			"sourceTree": "<group>"
		},
		"652E88CA-6D53-4077-A68C-6F3A74FCD8A9": {
			"fileEncoding": "4",
			"isa": "PBXFileReference",
			"lastKnownFileType": "sourcecode.cpp.cpp",
			"name": "ofxSliderGroup.cpp",
			"sourceTree": "<group>"
		},
		"66FEB7DA-D18E-4068-B950-BCD774BFBBE1": {
			"children": [
				"F5973DEA-D267-4790-9854-1A6082AEF492",
				"CE22B09A-0862-42BA-8574-0362BFC6BBF6",
				"E053F0CD-E8C3-469B-84EF-959DA9C3408C",
				"A0B62299-A003-4037-AC79-BCC3CB6EA7E9",
				"F669C3D9-09B8-4870-AA2F-8FF72567EF7F",
				"734C59FD-FA3D-4683-9176-756CA35D9037",
				"05102C7E-984E-4F2B-AD33-50DC2DEA644B",
				"0F249570-6477-4E31-8C92-B907DD12CBF9",
				"4B6068F0-E13A-4BD9-B283-B630D7569724"
			],
			"isa": "PBXGroup",
			"name": "fluid",
			"path": "fluid",
			"sourceTree": "<group>"
		},
		"6AA8504A-99F2-4574-8ECB-216DA16CDCD9": {
			"fileEncoding": "4",
			"isa": "PBXFileReference",
			"lastKnownFileType": "sourcecode.cpp.h",
			"name": "PingPongRenderer.h",
			"sourceTree": "<group>"
		},
		"711FA209-9CEA-42D2-B874-DA8B15217BB4": {
			"fileEncoding": "4",
			"isa": "PBXFileReference",
			"lastKnownFileType": "sourcecode.cpp.h",
			"name": "ofxPanel.h",
			"sourceTree": "<group>"
		},
		"7160334C-D8A3-45A7-AC2E-F58427DE5E35": {
			"fileEncoding": "4",
			"isa": "PBXFileReference",
			"lastKnownFileType": "sourcecode.cpp.h",
			"name": "UnitQuadMesh.h",
			"sourceTree": "<group>"
		},
		"71F5CCAA-051D-47E0-9574-E6608F5D9257": {
			"fileEncoding": "4",
			"isa": "PBXFileReference",
			"lastKnownFileType": "sourcecode.cpp.h",
			"name": "ofxSlider.h",
			"sourceTree": "<group>"
		},
		"734C59FD-FA3D-4683-9176-756CA35D9037": {
			"fileEncoding": "4",
			"isa": "PBXFileReference",
			"lastKnownFileType": "sourcecode.cpp.h",
			"name": "FluidSimulation.h",
			"sourceTree": "<group>"
		},
		"7402201F-D700-4997-925B-5E786BED7D99": {
			"fileEncoding": "4",
			"isa": "PBXFileReference",
			"lastKnownFileType": "sourcecode.cpp.h",
			"name": "GaussianYBlurShader.h",
			"sourceTree": "<group>"
		},
		"74DE6FC3-0F97-47F6-A9F6-7F406A1D90A2": {
			"fileEncoding": "4",
			"isa": "PBXFileReference",
			"lastKnownFileType": "sourcecode.cpp.h",
			"name": "MinimalTree.h",
			"sourceTree": "<group>"
		},
		"792EE8CA-0329-464B-9F8B-6508AF45F29A": {
			"fileEncoding": "4",
			"isa": "PBXFileReference",
			"lastKnownFileType": "sourcecode.cpp.h",
			"name": "ofxGui.h",
			"sourceTree": "<group>"
		},
		"795A48D5-7E57-4860-A7BC-DBAC1311DB9E": {
			"children": [
				"0B1DFE53-E0BE-4B52-973A-E6666C18EEA8",
				"3850103C-250C-449A-AAF1-C32B54155808"
			],
			"isa": "PBXGroup",
			"name": "src",
			"path": "src",
			"sourceTree": "<group>"
		},
		"7A3D763D-5973-4506-9226-3F4B867D70A3": {
			"fileEncoding": "4",
			"isa": "PBXFileReference",
			"lastKnownFileType": "sourcecode.cpp.h",
			"name": "TranslateEffect.h",
			"sourceTree": "<group>"
		},
		"85AD8BD5-7DA4-4EC2-8C4B-2122F8676F01": {
			"fileEncoding": "4",
			"isa": "PBXFileReference",
			"lastKnownFileType": "sourcecode.cpp.h",
			"name": "OpenGLTimer.h",
			"sourceTree": "<group>"
		},
		"873A4438-E0A7-44A4-8FBE-C5501B259E8A": {
			"fileEncoding": "4",
			"isa": "PBXFileReference",
			"lastKnownFileType": "sourcecode.cpp.h",
			"name": "ofxColorPicker.h",
			"sourceTree": "<group>"
		},
		"89CFCD6B-D0C6-49AF-BA8E-F9A691D0960D": {
			"fileRef": "FA3193F1-12BB-40C3-AA9C-FC990787C26B",
			"isa": "PBXBuildFile"
		},
		"90D5CF69-1B81-4316-A4C1-2215795C6470": {
			"children": [
				"04ADA06D-76F3-4AA4-BD35-E5D5901F40FE",
				"BEB75390-166C-40B8-80F2-94566B60461C"
			],
			"isa": "PBXGroup",
			"name": "src",
			"path": "src",
			"sourceTree": "<group>"
		},
		"90D92343-AED7-4D66-B4DB-6AC02524869B": {
			"fileEncoding": "4",
			"isa": "PBXFileReference",
			"lastKnownFileType": "sourcecode.cpp.h",
			"name": "LogisticFnShader.h",
			"sourceTree": "<group>"
		},
		"92BC91EF-8915-4B8B-870E-B6F029E13076": {
			"fileEncoding": "4",
			"isa": "PBXFileReference",
			"lastKnownFileType": "sourcecode.cpp.cpp",
			"name": "ofxGuiGroup.cpp",
			"sourceTree": "<group>"
		},
		"9414B86D-797F-4255-92ED-05AB6E984D3A": {
			"fileEncoding": "4",
			"isa": "PBXFileReference",
			"lastKnownFileType": "sourcecode.cpp.h",
			"name": "ofxToggle.h",
			"sourceTree": "<group>"
		},
		"959EAB7C-50F4-4AF2-92B9-5B1DA414FDDC": {
			"fileEncoding": "4",
			"isa": "PBXFileReference",
			"lastKnownFileType": "sourcecode.cpp.h",
			"name": "SmearShader.h",
			"sourceTree": "<group>"
		},
		"9CB73F22-6E2F-4829-A98A-B4ACBEAB9B06": {
			"fileEncoding": "4",
			"isa": "PBXFileReference",
			"lastKnownFileType": "sourcecode.cpp.cpp",
			"name": "ofxInputField.cpp",
			"sourceTree": "<group>"
		},
		"9CFF830D-7765-4FCC-927F-E4E1866E8B8B": {
			"fileEncoding": "4",
			"isa": "PBXFileReference",
			"lastKnownFileType": "sourcecode.cpp.h",
			"name": "PingPongFbo.h",
			"sourceTree": "<group>"
		},
		"A0B62299-A003-4037-AC79-BCC3CB6EA7E9": {
			"fileEncoding": "4",
			"isa": "PBXFileReference",
			"lastKnownFileType": "sourcecode.cpp.h",
			"name": "ApplyVorticityForceShader.h",
			"sourceTree": "<group>"
		},
		"A71FA482-603F-462F-85B7-AD236745DEE8": {
			"fileEncoding": "4",
			"isa": "PBXFileReference",
			"lastKnownFileType": "sourcecode.cpp.cpp",
			"name": "ofxButton.cpp",
			"sourceTree": "<group>"
		},
		"AE30A0FA-0919-4DD2-B57E-A1A82E899311": {
			"fileEncoding": "4",
			"isa": "PBXFileReference",
			"lastKnownFileType": "sourcecode.cpp.h",
			"name": "Renderer.h",
			"sourceTree": "<group>"
		},
		"AE9BD83F-CEC7-4501-A04B-9621E04FB171": {
			"fileEncoding": "4",
			"isa": "PBXFileReference",
			"lastKnownFileType": "sourcecode.cpp.h",
			"name": "ofxGuiGroup.h",
			"sourceTree": "<group>"
		},
		"B313A062-83F2-46F8-BC80-4CB8FCBEBEE9": {
			"fileEncoding": "4",
			"isa": "PBXFileReference",
			"lastKnownFileType": "sourcecode.cpp.h",
			"name": "OpticalFlowShader.h",
			"sourceTree": "<group>"
		},
		"B3FAA1FE-EE7F-4491-B2B6-54F196A81DDD": {
			"fileEncoding": "4",
			"isa": "PBXFileReference",
			"lastKnownFileType": "sourcecode.cpp.cpp",
			"name": "ofxTimeMeasurements.cpp",
			"sourceTree": "<group>"
		},
		"B70DE9D5-205E-4513-BCA6-D0F34E3A048F": {
			"fileEncoding": "4",
			"isa": "PBXFileReference",
			"lastKnownFileType": "sourcecode.cpp.cpp",
			"name": "ofxSlider.cpp",
			"sourceTree": "<group>"
		},
		"B7412CA0-FDD1-419E-80AE-7253D9F98876": {
			"children": [
				"20D07010-B291-46BC-8A0F-3DA88F0DB54F",
				"295D4E75-7DDF-46AF-95BD-EEE96FB09D65",
				"74DE6FC3-0F97-47F6-A9F6-7F406A1D90A2",
				"B3FAA1FE-EE7F-4491-B2B6-54F196A81DDD",
				"1E97E936-CFED-4FB9-8E45-0E7B5C6E2338",
				"B7647283-CD16-4D46-AF9F-98D6D3B8E115",
				"B850A8A7-17D1-4D8B-9E2C-166243FAC270",
				"46BAD6D9-009E-4F39-92D3-FC3E456C6CAB"
			],
			"isa": "PBXGroup",
			"name": "src",
			"path": "src",
			"sourceTree": "<group>"
		},
		"B7647283-CD16-4D46-AF9F-98D6D3B8E115": {
			"fileEncoding": "4",
			"isa": "PBXFileReference",
			"lastKnownFileType": "sourcecode.cpp.h",
			"name": "ofxTimeMeasurementsMacros.h",
			"sourceTree": "<group>"
		},
		"B850A8A7-17D1-4D8B-9E2C-166243FAC270": {
			"fileEncoding": "4",
			"isa": "PBXFileReference",
			"lastKnownFileType": "sourcecode.cpp.cpp",
			"name": "ofxTimeMeasurementsScoped.cpp",
			"sourceTree": "<group>"
		},
		"B888B77C-D927-465F-863A-A158030E0FB4": {
			"fileRef": "4EEFB5C3-60E7-49B9-BF9E-5EB6ABF7DEC8",
			"isa": "PBXBuildFile"
		},
		"BB4B014C10F69532006C3DED": {
			"children": [
				"56F72BF5-F237-4604-9F0A-A134B6BCA4B6",
				"E3041563-6793-4D1B-AFB7-6FDB10312C7E",
				"3B3F25AC-109D-4251-A70E-6755EE7D99EB",
				"CCD9B886-CA59-4903-9EBA-814077FED9F5",
				"30BE477E-ED47-44A8-9BD8-BF5A91188F6A"
			],
			"isa": "PBXGroup",
			"name": "addons",
			"path": "../../../addons",
			"sourceTree": "SOURCE_ROOT"
		},
		"BBA4A53D-A089-4DCD-BF11-F992E502AAEF": {
			"fileRef": "9CB73F22-6E2F-4829-A98A-B4ACBEAB9B06",
			"isa": "PBXBuildFile"
		},
		"BD4D01B4-458D-472D-AB54-4DFD22568D4C": {
			"fileEncoding": "4",
			"isa": "PBXFileReference",
			"lastKnownFileType": "sourcecode.cpp.h",
			"name": "GaussianXBlurShader.h",
			"sourceTree": "<group>"
		},
		"BEB75390-166C-40B8-80F2-94566B60461C": {
			"fileEncoding": "4",
			"isa": "PBXFileReference",
			"lastKnownFileType": "sourcecode.cpp.h",
			"name": "ofxHistoryPlot.h",
			"sourceTree": "<group>"
		},
		"BED287B4-D24F-4C71-AF01-AE21ADAD83D4": {
			"fileRef": "B850A8A7-17D1-4D8B-9E2C-166243FAC270",
			"isa": "PBXBuildFile"
		},
		"C534D8EC-2B82-4587-8971-E7F6055318BF": {
			"fileEncoding": "4",
			"isa": "PBXFileReference",
			"lastKnownFileType": "sourcecode.cpp.cpp",
			"name": "ofxColorPicker.cpp",
			"sourceTree": "<group>"
		},
		"C7B0A736-A999-4415-BE6B-C2F600F7F010": {
			"children": [
				"33BD0212-3819-4F04-8595-7617CC3AA520",
				"85AD8BD5-7DA4-4EC2-8C4B-2122F8676F01",
				"9CFF830D-7765-4FCC-927F-E4E1866E8B8B",
				"6AA8504A-99F2-4574-8ECB-216DA16CDCD9",
				"AE30A0FA-0919-4DD2-B57E-A1A82E899311",
				"454F49E1-796C-418C-BFB7-1C7156CA2F4A",
				"7160334C-D8A3-45A7-AC2E-F58427DE5E35",
				"3D26A3E6-8DB1-4E96-81A9-A48F05C0CC84",
				"66FEB7DA-D18E-4068-B950-BCD774BFBBE1",
				"15D2CE83-02C4-46ED-B212-E2FE74AA9445"
			],
			"isa": "PBXGroup",
			"name": "src",
			"path": "src",
			"sourceTree": "<group>"
		},
		"C8314CEA-A198-4A4E-BC58-A1EE63C24D79": {
			"fileRef": "04ADA06D-76F3-4AA4-BD35-E5D5901F40FE",
			"isa": "PBXBuildFile"
		},
		"C99A69C8-9F10-4572-AAA4-AD2320F88738": {
			"fileEncoding": "4",
			"isa": "PBXFileReference",
			"lastKnownFileType": "sourcecode.cpp.cpp",
			"name": "ofxBaseGui.cpp",
			"sourceTree": "<group>"
		},
		"CCD9B886-CA59-4903-9EBA-814077FED9F5": {
			"children": [
				"795A48D5-7E57-4860-A7BC-DBAC1311DB9E"
			],
			"isa": "PBXGroup",
			"name": "ofxMotionFromVideo",
			"path": "ofxMotionFromVideo",
			"sourceTree": "<group>"
		},
		"CE22B09A-0862-42BA-8574-0362BFC6BBF6": {
			"fileEncoding": "4",
			"isa": "PBXFileReference",
			"lastKnownFileType": "sourcecode.cpp.h",
			"name": "AdvectShader.h",
			"sourceTree": "<group>"
		},
		"CEB201F7-3C2F-44F2-B552-F73CEA1BC359": {
			"children": [
				"C99A69C8-9F10-4572-AAA4-AD2320F88738",
				"5D4BAE7A-6B1D-4383-91BE-7A9C9188A57E",
				"A71FA482-603F-462F-85B7-AD236745DEE8",
				"4B397AEE-F632-4CCA-B353-1AC28179727F",
				"C534D8EC-2B82-4587-8971-E7F6055318BF",
				"873A4438-E0A7-44A4-8FBE-C5501B259E8A",
				"792EE8CA-0329-464B-9F8B-6508AF45F29A",
				"92BC91EF-8915-4B8B-870E-B6F029E13076",
				"AE9BD83F-CEC7-4501-A04B-9621E04FB171",
				"E197808E-9A2E-4ACC-A577-099ABBCB5895",
				"9CB73F22-6E2F-4829-A98A-B4ACBEAB9B06",
				"5D38D446-7D45-41A5-8F61-BC78D8A937B5",
				"FA3193F1-12BB-40C3-AA9C-FC990787C26B",
				"53CE408D-9973-4279-939D-350B3D815942",
				"5E346F5D-06EC-4FDA-95FC-8EA51AF571D2",
				"711FA209-9CEA-42D2-B874-DA8B15217BB4",
				"B70DE9D5-205E-4513-BCA6-D0F34E3A048F",
				"71F5CCAA-051D-47E0-9574-E6608F5D9257",
				"652E88CA-6D53-4077-A68C-6F3A74FCD8A9",
				"5BFAFC4E-0738-4A86-B181-100138C57F8D",
				"4EEFB5C3-60E7-49B9-BF9E-5EB6ABF7DEC8",
				"9414B86D-797F-4255-92ED-05AB6E984D3A"
			],
			"isa": "PBXGroup",
			"name": "src",
			"path": "src",
			"sourceTree": "<group>"
		},
		"DC5E93ED-F42F-4486-B28F-FA40C9547EB4": {
			"fileEncoding": "4",
			"isa": "PBXFileReference",
			"lastKnownFileType": "sourcecode.cpp.h",
			"name": "MaskShader.h",
			"sourceTree": "<group>"
		},
		"DD1842EC-21AC-4CB4-9211-8B65011B9BCF": {
			"fileEncoding": "4",
			"isa": "PBXFileReference",
			"lastKnownFileType": "folder",
			"name": "data",
			"path": "bin/data",
			"sourceTree": "SOURCE_ROOT"
		},
		"DD4CA057-366D-4D43-96A8-16838814D2ED": {
			"fileRef": "0B1DFE53-E0BE-4B52-973A-E6666C18EEA8",
			"isa": "PBXBuildFile"
		},
		"DDCF7F26-EBD0-42D0-95E7-70A48EE17568": {
			"fileEncoding": "4",
			"isa": "PBXFileReference",
			"lastKnownFileType": "sourcecode.cpp.h",
			"name": "ClampShader.h",
			"sourceTree": "<group>"
		},
		"E053F0CD-E8C3-469B-84EF-959DA9C3408C": {
			"fileEncoding": "4",
			"isa": "PBXFileReference",
			"lastKnownFileType": "sourcecode.cpp.h",
			"name": "ApplyBouyancyShader.h",
			"sourceTree": "<group>"
		},
		"E197808E-9A2E-4ACC-A577-099ABBCB5895": {
			"fileEncoding": "4",
			"isa": "PBXFileReference",
			"lastKnownFileType": "sourcecode.cpp.h",
			"name": "ofxGuiUtils.h",
			"sourceTree": "<group>"
		},
		"E3041563-6793-4D1B-AFB7-6FDB10312C7E": {
			"children": [
				"90D5CF69-1B81-4316-A4C1-2215795C6470"
			],
			"isa": "PBXGroup",
			"name": "ofxHistoryPlot",
			"path": "ofxHistoryPlot",
			"sourceTree": "<group>"
		},
		"E42962A92163ECCD00A6A9E2": {
			"alwaysOutOfDate": "1",
			"buildActionMask": "2147483647",
			"files": [],
			"inputPaths": [],
			"isa": "PBXShellScriptBuildPhase",
			"name": "Run Script — Compile OF",
			"outputPaths": [],
			"runOnlyForDeploymentPostprocessing": "0",
			"shellPath": "/bin/sh",
			"shellScript": "$OF_CORE_BUILD_COMMAND\n",
			"showEnvVarsInLog": "0"
		},
		"E4A5B60F29BAAAE400C2D356": {
			"buildActionMask": "2147483647",
			"dstPath": "",
			"dstSubfolderSpec": "6",
			"files": [],
			"isa": "PBXCopyFilesBuildPhase",
			"runOnlyForDeploymentPostprocessing": "0"
		},
		"E4B69B4A0A3A1720003C02F2": {
			"children": [
				"191CD6FA2847E21E0085CBB6",
				"E4B6FCAD0C3E899E008CF71C",
				"E4EB6923138AFD0F00A09F29",
				"E4B69E1C0A3A1BDC003C02F2",
				"191EF70929D778A400F35F26",
				"BB4B014C10F69532006C3DED",
				"E4B69B5B0A3A1756003C02F2",
				"DD1842EC-21AC-4CB4-9211-8B65011B9BCF"
			],
			"isa": "PBXGroup",
			"sourceTree": "<group>"
		},
		"E4B69B4C0A3A1720003C02F2": {
			"attributes": {
				"BuildIndependentTargetsInParallel": "YES",
				"LastUpgradeCheck": "1540"
			},
			"buildConfigurationList": "E4B69B4D0A3A1720003C02F2",
			"compatibilityVersion": "Xcode 3.2",
			"developmentRegion": "en",
			"hasScannedForEncodings": "0",
			"isa": "PBXProject",
			"knownRegions": [
				"en",
				"Base"
			],
			"mainGroup": "E4B69B4A0A3A1720003C02F2",
			"productRefGroup": "E4B69B4A0A3A1720003C02F2",
			"projectDirPath": "",
			"projectRoot": "",
			"targets": [
				"E4B69B5A0A3A1756003C02F2"
			]
		},
		"E4B69B4D0A3A1720003C02F2": {
			"buildConfigurations": [
				"E4B69B4E0A3A1720003C02F2",
				"E4B69B4F0A3A1720003C02F2"
			],
			"defaultConfigurationIsVisible": "0",
			"defaultConfigurationName": "Release",
			"isa": "XCConfigurationList"
		},
		"E4B69B4E0A3A1720003C02F2": {
			"baseConfigurationReference": "E4EB6923138AFD0F00A09F29",
			"buildSettings": {
				"CODE_SIGN_ENTITLEMENTS": "of.entitlements",
				"COPY_PHASE_STRIP": "NO",
				"ENABLE_TESTABILITY": "YES",
				"GCC_OPTIMIZATION_LEVEL": "0",
				"GCC_WARN_UNUSED_VARIABLE": "NO",
				"HEADER_SEARCH_PATHS": [
					"$(OF_CORE_HEADERS)",
					"src"
				],
				"OTHER_CPLUSPLUSFLAGS": "-D__MACOSX_CORE__"
			},
			"isa": "XCBuildConfiguration",
			"name": "Debug"
		},
		"E4B69B4F0A3A1720003C02F2": {
			"baseConfigurationReference": "E4EB6923138AFD0F00A09F29",
			"buildSettings": {
				"CODE_SIGN_ENTITLEMENTS": "of.entitlements",
				"COPY_PHASE_STRIP": "YES",
				"GCC_OPTIMIZATION_LEVEL": "3",
				"GCC_UNROLL_LOOPS": "YES",
				"HEADER_SEARCH_PATHS": [
					"$(OF_CORE_HEADERS)",
					"src"
				],
				"OTHER_CPLUSPLUSFLAGS": "-D__MACOSX_CORE__"
			},
			"isa": "XCBuildConfiguration",
			"name": "Release"
		},
		"E4B69B580A3A1756003C02F2": {
			"buildActionMask": "2147483647",
			"files": [
				"E4B69E200A3A1BDC003C02F2",
				"E4B69E210A3A1BDC003C02F2",
				"4E93E369-23DD-4C48-AC26-F93AB5D2669E",
				"583F6E0E-9719-4CF5-AAC9-2FE7EE88D854",
				"F762A5E4-FAA9-42D8-A7C4-77F4BD373973",
				"F2E204F1-8843-4218-9E6B-D52EE708CE16",
				"BBA4A53D-A089-4DCD-BF11-F992E502AAEF",
				"89CFCD6B-D0C6-49AF-BA8E-F9A691D0960D",
				"255123A3-B3E0-48E9-82A6-EBF3A1F873FC",
				"16DB4E83-F2D2-46E2-BC3D-A81C067D6557",
				"FF570C69-27E1-4DD0-B5F3-961D9B1CB322",
				"B888B77C-D927-465F-863A-A158030E0FB4",
				"C8314CEA-A198-4A4E-BC58-A1EE63C24D79",
				"DD4CA057-366D-4D43-96A8-16838814D2ED",
				"05BD101D-E50B-4731-BF02-EC4828722C35",
				"5CE91443-D45D-44AE-B912-69B7A927972A",
				"BED287B4-D24F-4C71-AF01-AE21ADAD83D4"
			],
			"isa": "PBXSourcesBuildPhase",
			"runOnlyForDeploymentPostprocessing": "0"
		},
		"E4B69B590A3A1756003C02F2": {
			"buildActionMask": "2147483647",
			"files": [],
			"isa": "PBXFrameworksBuildPhase",
			"runOnlyForDeploymentPostprocessing": "0"
		},
		"E4B69B5A0A3A1756003C02F2": {
			"buildConfigurationList": "E4B69B5F0A3A1757003C02F2",
			"buildPhases": [
				"E42962A92163ECCD00A6A9E2",
				"E4B69B580A3A1756003C02F2",
				"E4B69B590A3A1756003C02F2",
				"E4C2427710CC5ABF004149E2",
				"E4A5B60F29BAAAE400C2D356",
				"19B789C429E5AB4A0082E9B8"
			],
			"buildRules": [],
			"dependencies": [],
			"isa": "PBXNativeTarget",
			"name": "example_MotionFromVideo",
			"productName": "myOFApp",
			"productReference": "E4B69B5B0A3A1756003C02F2",
			"productType": "com.apple.product-type.application"
		},
		"E4B69B5B0A3A1756003C02F2": {
			"explicitFileType": "wrapper.application",
			"includeInIndex": "0",
			"isa": "PBXFileReference",
			"path": "example_MotionFromVideoDebug.app",
			"sourceTree": "BUILT_PRODUCTS_DIR"
		},
		"E4B69B5F0A3A1757003C02F2": {
			"buildConfigurations": [
				"E4B69B600A3A1757003C02F2",
				"E4B69B610A3A1757003C02F2"
			],
			"defaultConfigurationIsVisible": "0",
			"defaultConfigurationName": "Release",
			"isa": "XCConfigurationList"
		},
		"E4B69B600A3A1757003C02F2": {
			"baseConfigurationReference": "E4EB6923138AFD0F00A09F29",
			"buildSettings": {
				"ARCHS": "$(ARCHS_STANDARD)",
				"COPY_PHASE_STRIP": "NO",
				"FRAMEWORK_SEARCH_PATHS": "$(inherited)",
				"GCC_DYNAMIC_NO_PIC": "NO",
				"GCC_PREPROCESSOR_DEFINITIONS": [
					"USE_OFX_HISTORYPLOT"
				],
				"HEADER_SEARCH_PATHS": [
					"$(OF_CORE_HEADERS)",
					"src",
					"src",
					"../../ofxGui/src",
					"../../ofxHistoryPlot/src",
					"../../ofxRenderer/src",
					"../../ofxRenderer/src/effects",
					"../../ofxRenderer/src/fluid",
					"../../ofxRenderer/src/shaders",
					"../src",
					"../../ofxTimeMeasurements/src"
				],
				"LIBRARY_SEARCH_PATHS": "$(inherited)",
				"OTHER_LDFLAGS": [
					"$(OF_CORE_LIBS)",
					"$(OF_CORE_FRAMEWORKS)",
					"$(LIB_OF_DEBUG)"
				]
			},
			"isa": "XCBuildConfiguration",
			"name": "Debug"
		},
		"E4B69B610A3A1757003C02F2": {
			"baseConfigurationReference": "E4EB6923138AFD0F00A09F29",
			"buildSettings": {
				"ARCHS": "$(ARCHS_STANDARD)",
				"COPY_PHASE_STRIP": "YES",
				"FRAMEWORK_SEARCH_PATHS": "$(inherited)",
				"GCC_PREPROCESSOR_DEFINITIONS": [
					"USE_OFX_HISTORYPLOT"
				],
				"HEADER_SEARCH_PATHS": [
					"$(OF_CORE_HEADERS)",
					"src",
					"src",
					"../../ofxGui/src",
					"../../ofxHistoryPlot/src",
					"../../ofxRenderer/src",
					"../../ofxRenderer/src/effects",
					"../../ofxRenderer/src/fluid",
					"../../ofxRenderer/src/shaders",
					"../src",
					"../../ofxTimeMeasurements/src"
				],
				"LIBRARY_SEARCH_PATHS": "$(inherited)",
				"OTHER_LDFLAGS": [
					"$(OF_CORE_LIBS)",
					"$(OF_CORE_FRAMEWORKS)",
					"$(LIB_OF_RELEASE)"
				],
				"baseConfigurationReference": "E4EB6923138AFD0F00A09F29"
			},
			"isa": "XCBuildConfiguration",
			"name": "Release"
		},
		"E4B69E1C0A3A1BDC003C02F2": {
			"children": [
				"E4B69E1D0A3A1BDC003C02F2",
				"E4B69E1E0A3A1BDC003C02F2",
				"E4B69E1F0A3A1BDC003C02F2"
			],
			"isa": "PBXGroup",
			"path": "src",
			"sourceTree": "SOURCE_ROOT"
		},
		"E4B69E1D0A3A1BDC003C02F2": {
			"fileEncoding": "4",
			"isa": "PBXFileReference",
			"lastKnownFileType": "sourcecode.cpp.cpp",
			"name": "main.cpp",
			"path": "src/main.cpp",
			"sourceTree": "SOURCE_ROOT"
		},
		"E4B69E1E0A3A1BDC003C02F2": {
			"explicitFileType": "sourcecode.cpp.cpp",
			"fileEncoding": "4",
			"isa": "PBXFileReference",
			"name": "ofApp.cpp",
			"path": "src/ofApp.cpp",
			"sourceTree": "SOURCE_ROOT"
		},
		"E4B69E1F0A3A1BDC003C02F2": {
			"fileEncoding": "4",
			"isa": "PBXFileReference",
			"lastKnownFileType": "sourcecode.c.h",
			"name": "ofApp.h",
			"path": "src/ofApp.h",
			"sourceTree": "SOURCE_ROOT"
		},
		"E4B69E200A3A1BDC003C02F2": {
			"fileRef": "E4B69E1D0A3A1BDC003C02F2",
			"isa": "PBXBuildFile"
		},
		"E4B69E210A3A1BDC003C02F2": {
			"fileRef": "E4B69E1E0A3A1BDC003C02F2",
			"isa": "PBXBuildFile"
		},
		"E4B6FCAD0C3E899E008CF71C": {
			"fileEncoding": "4",
			"isa": "PBXFileReference",
			"lastKnownFileType": "text.plist.xml",
			"path": "openFrameworks-Info.plist",
			"sourceTree": "<group>"
		},
		"E4C2427710CC5ABF004149E2": {
			"buildActionMask": "2147483647",
			"dstPath": "",
			"dstSubfolderSpec": "10",
			"files": [],
			"isa": "PBXCopyFilesBuildPhase",
			"runOnlyForDeploymentPostprocessing": "0"
		},
		"E4EB6923138AFD0F00A09F29": {
			"fileEncoding": "4",
			"isa": "PBXFileReference",
			"lastKnownFileType": "text.xcconfig",
			"path": "Project.xcconfig",
			"sourceTree": "<group>"
		},
		"F2E204F1-8843-4218-9E6B-D52EE708CE16": {
			"fileRef": "92BC91EF-8915-4B8B-870E-B6F029E13076",
			"isa": "PBXBuildFile"
		},
		"F5973DEA-D267-4790-9854-1A6082AEF492": {
			"fileEncoding": "4",
			"isa": "PBXFileReference",
			"lastKnownFileType": "sourcecode.cpp.h",
			"name": "AddRadialImpulseShader.h",
			"sourceTree": "<group>"
		},
		"F669C3D9-09B8-4870-AA2F-8FF72567EF7F": {
			"fileEncoding": "4",
			"isa": "PBXFileReference",
			"lastKnownFileType": "sourcecode.cpp.h",
			"name": "DivergenceRenderer.h",
			"sourceTree": "<group>"
		},
		"F762A5E4-FAA9-42D8-A7C4-77F4BD373973": {
			"fileRef": "C534D8EC-2B82-4587-8971-E7F6055318BF",
			"isa": "PBXBuildFile"
		},
		"FA3193F1-12BB-40C3-AA9C-FC990787C26B": {
			"fileEncoding": "4",
			"isa": "PBXFileReference",
			"lastKnownFileType": "sourcecode.cpp.cpp",
			"name": "ofxLabel.cpp",
			"sourceTree": "<group>"
		},
		"FF570C69-27E1-4DD0-B5F3-961D9B1CB322": {
			"fileRef": "652E88CA-6D53-4077-A68C-6F3A74FCD8A9",
			"isa": "PBXBuildFile"
		}
	},
	"rootObject": "E4B69B4C0A3A1720003C02F2"
}