{
	"_OFProjectGeneratorVersion": "0.104.0",
	"archiveVersion": "1",
	"classes": {},
	"objectVersion": "54",
	"objects": {
		"0202314B-A253-40E7-868C-85079C25342B": {
			"fileRef": "A7E6FF2E-65D6-43D0-9B43-84F16482D384",
			"isa": "PBXBuildFile"
		},
		"0673898C-BD59-4207-9EA2-83DBDF2FB819": {
			"fileEncoding": "4",
			"isa": "PBXFileReference",
			"lastKnownFileType": "sourcecode.cpp.cpp",
			"name": "ofxColorPicker.cpp",
			"sourceTree": "<group>"
		},
		"097669C4-C9E3-447B-9925-DE7FD9B1629F": {
			"fileEncoding": "4",
			"isa": "PBXFileReference",
			"lastKnownFileType": "sourcecode.cpp.h",
			"name": "ofxButton.h",
			"sourceTree": "<group>"
		},
		"10ACCFE9-9426-403C-ADAD-76E546E31216": {
			"fileEncoding": "4",
			"isa": "PBXFileReference",
			"lastKnownFileType": "sourcecode.cpp.cpp",
			"name": "ofxInputField.cpp",
			"sourceTree": "<group>"
		},
		"152BD4FF-0152-4BFE-86DF-64639D6A2584": {
			"children": [
				"535712F5-B1D5-4D2A-9B44-B73C930FDFAE",
				"226CB726-5F00-48D7-9C8C-CDEB7558A648",
				"316728E5-F238-4D78-84AC-6C2531122C43",
				"097669C4-C9E3-447B-9925-DE7FD9B1629F",
				"0673898C-BD59-4207-9EA2-83DBDF2FB819",
				"272110CC-C88C-4760-9A19-1B0CA229C383",
				"E1A447F5-C702-4121-8C90-BC7497F65F64",
				"CDBE3A8A-837B-4735-A192-B25E8ADB912D",
				"48D3EB0C-8C2C-4CF0-9825-D062630D5B0A",
				"7A9CB49A-618F-488F-B920-AA7F43C3AB38",
				"10ACCFE9-9426-403C-ADAD-76E546E31216",
				"2BD35EBA-82F8-472D-965F-F48826C3260D",
				"67FBFF9C-746F-4D39-9178-FD54B0F3C432",
				"ED0C285D-B003-461C-BF70-D0C063989BFF",
				"3005F9F8-8BB8-4909-B543-FFA00832CC25",
				"81ECB762-FB13-4AAB-AC45-E04DC5BE5E54",
				"6AD0178F-2045-4B76-AAEB-BA749AA596BE",
				"21FAFE91-4080-494D-8254-2D916A49EB72",
				"51817E07-DE83-4F2D-95FE-77C59E8A1A4C",
				"EE9CB945-3BAC-4232-8778-2A9DF1BFDF4E",
				"29CEC311-54BA-4519-9B7A-D95CCC05BBA3",
				"68179CD0-0862-4498-B513-66B3A71F208D"
			],
			"isa": "PBXGroup",
			"name": "src",
			"path": "src",
			"sourceTree": "<group>"
		},
		"174021B2-DBE1-4839-8B03-F827D3CD3B13": {
			"fileEncoding": "4",
			"isa": "PBXFileReference",
			"lastKnownFileType": "sourcecode.cpp.h",
			"name": "ApplyTemperatureBuoyancyShader.h",
			"sourceTree": "<group>"
		},
		"178A2469-127B-4562-BD8B-68F5A4FA791A": {
			"children": [
				"F65672C7-B6B1-4DA3-B12F-946F46331978"
			],
			"isa": "PBXGroup",
			"name": "ofxMotionFromVideo",
			"path": "ofxMotionFromVideo",
			"sourceTree": "<group>"
		},
		"191CD6FA2847E21E0085CBB6": {
			"fileEncoding": "4",
			"isa": "PBXFileReference",
			"lastKnownFileType": "text.plist.entitlements",
			"path": "of.entitlements",
			"sourceTree": "<group>"
		},
		"191EF70929D778A400F35F26": {
			"isa": "PBXFileReference",
			"lastKnownFileType": "folder",
			"name": "openFrameworks",
			"path": "../../../libs/openFrameworks",
			"sourceTree": "SOURCE_ROOT"
		},
		"19B789C429E5AB4A0082E9B8": {
			"alwaysOutOfDate": "1",
			"buildActionMask": "2147483647",
			"files": [],
			"inputFileListPaths": [],
			"inputPaths": [],
			"isa": "PBXShellScriptBuildPhase",
			"outputFileListPaths": [],
			"outputPaths": [],
			"runOnlyForDeploymentPostprocessing": "0",
			"shellPath": "/bin/sh",
			"shellScript": "\"$OF_PATH/scripts/osx/xcode_project.sh\"\n",
			"showEnvVarsInLog": "0"
		},
		"1F6171F2-82AD-41A5-837D-C262A356FA5F": {
			"fileEncoding": "4",
			"isa": "PBXFileReference",
			"lastKnownFileType": "sourcecode.cpp.h",
			"name": "GaussianYBlurShader.h",
			"sourceTree": "<group>"
		},
		"21CD5EA1-70F2-405C-915E-BF9A32738523": {
			"fileEncoding": "4",
			"isa": "PBXFileReference",
			"lastKnownFileType": "sourcecode.cpp.h",
			"name": "Shader.h",
			"sourceTree": "<group>"
		},
		"21FAFE91-4080-494D-8254-2D916A49EB72": {
			"fileEncoding": "4",
			"isa": "PBXFileReference",
			"lastKnownFileType": "sourcecode.cpp.h",
			"name": "ofxSlider.h",
			"sourceTree": "<group>"
		},
		"226CB726-5F00-48D7-9C8C-CDEB7558A648": {
			"fileEncoding": "4",
			"isa": "PBXFileReference",
			"lastKnownFileType": "sourcecode.cpp.h",
			"name": "ofxBaseGui.h",
			"sourceTree": "<group>"
		},
		"2296828D-B8E5-40F3-868B-DD7ADC061D34": {
			"fileRef": "51817E07-DE83-4F2D-95FE-77C59E8A1A4C",
			"isa": "PBXBuildFile"
		},
		"23019DEE-B3AD-46AD-B31F-725E3A947124": {
			"fileEncoding": "4",
			"isa": "PBXFileReference",
			"lastKnownFileType": "sourcecode.cpp.h",
			"name": "SoftCircleShader.h",
			"sourceTree": "<group>"
		},
		"2444214A-8694-4A7D-AAE6-1B735A7AEFC8": {
			"fileEncoding": "4",
			"isa": "PBXFileReference",
			"lastKnownFileType": "sourcecode.cpp.h",
			"name": "TranslateEffect.h",
			"sourceTree": "<group>"
		},
		"272110CC-C88C-4760-9A19-1B0CA229C383": {
			"fileEncoding": "4",
			"isa": "PBXFileReference",
			"lastKnownFileType": "sourcecode.cpp.h",
			"name": "ofxColorPicker.h",
			"sourceTree": "<group>"
		},
		"29CEC311-54BA-4519-9B7A-D95CCC05BBA3": {
			"fileEncoding": "4",
			"isa": "PBXFileReference",
			"lastKnownFileType": "sourcecode.cpp.cpp",
			"name": "ofxToggle.cpp",
			"sourceTree": "<group>"
		},
		"2A652555-4EF0-4A77-B6FF-8D78F7C9A334": {
			"fileRef": "E0F1228D-B6C0-40DC-91CB-CD81B77C93A8",
			"isa": "PBXBuildFile"
		},
		"2BD35EBA-82F8-472D-965F-F48826C3260D": {
			"fileEncoding": "4",
			"isa": "PBXFileReference",
			"lastKnownFileType": "sourcecode.cpp.h",
			"name": "ofxInputField.h",
			"sourceTree": "<group>"
		},
		"2C089FAE-9F14-492E-BACB-A7B37E1A564C": {
			"fileEncoding": "4",
			"isa": "PBXFileReference",
			"lastKnownFileType": "sourcecode.cpp.h",
			"name": "ApplyVorticityForceShader.h",
			"sourceTree": "<group>"
		},
		"2CDDF4EA-6A4B-4BF4-BB18-00BDF59EB17F": {
			"fileEncoding": "4",
			"isa": "PBXFileReference",
			"lastKnownFileType": "sourcecode.cpp.h",
			"name": "DivergenceRenderer.h",
			"sourceTree": "<group>"
		},
		"2D7A1C95-3ADD-466E-9D78-92AE668EBF1E": {
			"fileEncoding": "4",
			"isa": "PBXFileReference",
			"lastKnownFileType": "sourcecode.cpp.h",
			"name": "ApplyBouyancyShader.h",
			"sourceTree": "<group>"
		},
		"3005F9F8-8BB8-4909-B543-FFA00832CC25": {
			"fileEncoding": "4",
			"isa": "PBXFileReference",
			"lastKnownFileType": "sourcecode.cpp.cpp",
			"name": "ofxPanel.cpp",
			"sourceTree": "<group>"
		},
		"316728E5-F238-4D78-84AC-6C2531122C43": {
			"fileEncoding": "4",
			"isa": "PBXFileReference",
			"lastKnownFileType": "sourcecode.cpp.cpp",
			"name": "ofxButton.cpp",
			"sourceTree": "<group>"
		},
		"3B56006B-7A26-46D3-85C1-77C607707794": {
			"fileRef": "10ACCFE9-9426-403C-ADAD-76E546E31216",
			"isa": "PBXBuildFile"
		},
		"46DEF9C3-20BC-414C-899D-19900BECBE06": {
			"fileEncoding": "4",
			"isa": "PBXFileReference",
			"lastKnownFileType": "sourcecode.cpp.h",
			"name": "VorticityRenderer.h",
			"sourceTree": "<group>"
		},
		"48D3EB0C-8C2C-4CF0-9825-D062630D5B0A": {
			"fileEncoding": "4",
			"isa": "PBXFileReference",
			"lastKnownFileType": "sourcecode.cpp.h",
			"name": "ofxGuiGroup.h",
			"sourceTree": "<group>"
		},
		"4A4C38AA-70CC-4072-9776-21693853FD60": {
			"fileEncoding": "4",
			"isa": "PBXFileReference",
			"lastKnownFileType": "sourcecode.cpp.h",
			"name": "VelocityBoundaryShader.h",
			"sourceTree": "<group>"
		},
		"4B2FDA2C-9EA1-44F6-BB5E-A28E9AD0CB02": {
			"fileEncoding": "4",
			"isa": "PBXFileReference",
			"lastKnownFileType": "sourcecode.cpp.h",
			"name": "Effect.h",
			"sourceTree": "<group>"
		},
		"4B6358FA-718F-481B-9C5C-804F382E0129": {
			"fileEncoding": "4",
			"isa": "PBXFileReference",
			"lastKnownFileType": "sourcecode.cpp.h",
			"name": "VelocityCflClampShader.h",
			"sourceTree": "<group>"
		},
		"50B2CA98-B30A-430A-92DD-C5B457BC5F0C": {
			"fileEncoding": "4",
			"isa": "PBXFileReference",
			"lastKnownFileType": "sourcecode.cpp.h",
			"name": "VideoFileFrameSource.hpp",
			"sourceTree": "<group>"
		},
		"51817E07-DE83-4F2D-95FE-77C59E8A1A4C": {
			"fileEncoding": "4",
			"isa": "PBXFileReference",
			"lastKnownFileType": "sourcecode.cpp.cpp",
			"name": "ofxSliderGroup.cpp",
			"sourceTree": "<group>"
		},
		"535712F5-B1D5-4D2A-9B44-B73C930FDFAE": {
			"fileEncoding": "4",
			"isa": "PBXFileReference",
			"lastKnownFileType": "sourcecode.cpp.cpp",
			"name": "ofxBaseGui.cpp",
			"sourceTree": "<group>"
		},
		"57356575-FA02-4DF3-8E15-E8E12D7907CE": {
			"fileEncoding": "4",
			"isa": "PBXFileReference",
			"lastKnownFileType": "sourcecode.cpp.h",
			"name": "ClampShader.h",
			"sourceTree": "<group>"
		},
		"65ACCD09-68CB-4A45-944E-D2C7669051C1": {
			"fileRef": "73E116E4-459D-4C1E-B94E-635407B88333",
			"isa": "PBXBuildFile"
		},
		"67FBFF9C-746F-4D39-9178-FD54B0F3C432": {
			"fileEncoding": "4",
			"isa": "PBXFileReference",
			"lastKnownFileType": "sourcecode.cpp.cpp",
			"name": "ofxLabel.cpp",
			"sourceTree": "<group>"
		},
		"68179CD0-0862-4498-B513-66B3A71F208D": {
			"fileEncoding": "4",
			"isa": "PBXFileReference",
			"lastKnownFileType": "sourcecode.cpp.h",
			"name": "ofxToggle.h",
			"sourceTree": "<group>"
		},
		"6AD0178F-2045-4B76-AAEB-BA749AA596BE": {
			"fileEncoding": "4",
			"isa": "PBXFileReference",
			"lastKnownFileType": "sourcecode.cpp.cpp",
			"name": "ofxSlider.cpp",
			"sourceTree": "<group>"
		},
		"6B88C9B2-13A5-4D96-B34D-43C42EBD376E": {
			"fileEncoding": "4",
			"isa": "PBXFileReference",
			"lastKnownFileType": "sourcecode.cpp.h",
			"name": "SubtractDivergenceShader.h",
			"sourceTree": "<group>"
		},
		"6D858750-48C1-4B60-ADB8-7F82AAC0BFC1": {
			"fileEncoding": "4",
			"isa": "PBXFileReference",
			"lastKnownFileType": "sourcecode.cpp.h",
			"name": "AddRadialImpulseShader.h",
			"sourceTree": "<group>"
		},
		"6FB320C4-4FB0-4603-9FBD-6123FB068D9E": {
			"fileEncoding": "4",
			"isa": "PBXFileReference",
			"lastKnownFileType": "sourcecode.cpp.h",
			"name": "ThresholdedAddShader.h",
			"sourceTree": "<group>"
		},
		"704A1760-89F4-4C55-9D9A-E9B8339D46B1": {
			"children": [
				"152BD4FF-0152-4BFE-86DF-64639D6A2584"
			],
			"isa": "PBXGroup",
			"name": "ofxGui",
			"path": "ofxGui",
			"sourceTree": "<group>"
		},
		"73E116E4-459D-4C1E-B94E-635407B88333": {
			"fileEncoding": "4",
			"isa": "PBXFileReference",
			"lastKnownFileType": "sourcecode.cpp.cpp",
			"name": "VideoFileFrameSource.cpp",
			"sourceTree": "<group>"
		},
		"74499732-5BB8-418D-AFC9-E9F0C2BAEF52": {
			"fileRef": "29CEC311-54BA-4519-9B7A-D95CCC05BBA3",
			"isa": "PBXBuildFile"
		},
		"74C6C4CB-BB9C-46C4-A457-76C8DFAFE7D9": {
			"fileEncoding": "4",
			"isa": "PBXFileReference",
			"lastKnownFileType": "sourcecode.cpp.h",
			"name": "ExternalFrameSource.hpp",
			"sourceTree": "<group>"
		},
		"75391CBE-DE6E-4FF9-960D-670DF61C21DF": {
			"children": [
				"6D858750-48C1-4B60-ADB8-7F82AAC0BFC1",
				"8E77CC29-64A8-4E6B-97E7-525D4835F755",
				"2D7A1C95-3ADD-466E-9D78-92AE668EBF1E",
				"174021B2-DBE1-4839-8B03-F827D3CD3B13",
				"81AEFD0A-20D1-4D87-8B4A-12BD179D73E9",
				"2C089FAE-9F14-492E-BACB-A7B37E1A564C",
				"2CDDF4EA-6A4B-4BF4-BB18-00BDF59EB17F",
				"8E601F1A-07D0-4E6E-B161-F9FC8BEC10B2",
				"B23E6726-DC66-4029-9D90-B93571395943",
				"6B88C9B2-13A5-4D96-B34D-43C42EBD376E",
				"4A4C38AA-70CC-4072-9776-21693853FD60",
				"4B6358FA-718F-481B-9C5C-804F382E0129",
				"46DEF9C3-20BC-414C-899D-19900BECBE06"
			],
			"isa": "PBXGroup",
			"name": "fluid",
			"path": "fluid",
			"sourceTree": "<group>"
		},
		"75E4FF4C-49FC-426E-AEEE-EA9390DCD51A": {
			"fileRef": "535712F5-B1D5-4D2A-9B44-B73C930FDFAE",
			"isa": "PBXBuildFile"
		},
		"79A270A6-4408-4586-8AAF-2451F866E19B": {
			"fileEncoding": "4",
			"isa": "PBXFileReference",
			"lastKnownFileType": "sourcecode.cpp.h",
			"name": "PingPongRenderer.h",
			"sourceTree": "<group>"
		},
		"7A9CB49A-618F-488F-B920-AA7F43C3AB38": {
			"fileEncoding": "4",
			"isa": "PBXFileReference",
			"lastKnownFileType": "sourcecode.cpp.h",
			"name": "ofxGuiUtils.h",
			"sourceTree": "<group>"
		},
		"7FE8C298-453E-4262-950E-D4AE622E619E": {
			"children": [
				"E1E3FED0-1B50-4932-BBFD-EF596C955E8C",
				"2444214A-8694-4A7D-AAE6-1B735A7AEFC8"
			],
			"isa": "PBXGroup",
			"name": "effects",
			"path": "effects",
			"sourceTree": "<group>"
		},
		"81AEFD0A-20D1-4D87-8B4A-12BD179D73E9": {
			"fileEncoding": "4",
			"isa": "PBXFileReference",
			"lastKnownFileType": "sourcecode.cpp.h",
			"name": "ApplyVelocityFieldShader.h",
			"sourceTree": "<group>"
		},
		"81ECB762-FB13-4AAB-AC45-E04DC5BE5E54": {
			"fileEncoding": "4",
			"isa": "PBXFileReference",
			"lastKnownFileType": "sourcecode.cpp.h",
			"name": "ofxPanel.h",
			"sourceTree": "<group>"
		},
		"83DD3F04-66B3-43A4-A4E6-5D1390A4E645": {
			"fileEncoding": "4",
			"isa": "PBXFileReference",
			"lastKnownFileType": "sourcecode.cpp.h",
			"name": "CameraFrameSource.hpp",
			"sourceTree": "<group>"
		},
		"893C4281-7781-438C-BBDF-77AC5676303F": {
			"fileEncoding": "4",
			"isa": "PBXFileReference",
			"lastKnownFileType": "sourcecode.cpp.h",
			"name": "RefractiveRectangleShader.h",
			"sourceTree": "<group>"
		},
		"8DFF1F3A-D039-44F2-B990-F0DEEC557D9B": {
			"fileEncoding": "4",
			"isa": "PBXFileReference",
			"lastKnownFileType": "sourcecode.cpp.cpp",
			"name": "ofxMotionFromVideo.cpp",
			"sourceTree": "<group>"
		},
		"8E601F1A-07D0-4E6E-B161-F9FC8BEC10B2": {
			"fileEncoding": "4",
			"isa": "PBXFileReference",
			"lastKnownFileType": "sourcecode.cpp.h",
			"name": "FluidSimulation.h",
			"sourceTree": "<group>"
		},
		"8E77CC29-64A8-4E6B-97E7-525D4835F755": {
			"fileEncoding": "4",
			"isa": "PBXFileReference",
			"lastKnownFileType": "sourcecode.cpp.h",
			"name": "AdvectShader.h",
			"sourceTree": "<group>"
		},
		"929B1036-D8DB-4C57-874B-9DE3B3BD4DD7": {
			"fileEncoding": "4",
			"isa": "PBXFileReference",
			"lastKnownFileType": "sourcecode.cpp.h",
			"name": "SmearShader.h",
			"sourceTree": "<group>"
		},
		"9A1F9B07-DF42-494E-BF72-8D21A9FF46FA": {
			"fileEncoding": "4",
			"isa": "PBXFileReference",
			"lastKnownFileType": "sourcecode.cpp.cpp",
			"name": "FrameSourceBase.cpp",
			"sourceTree": "<group>"
		},
		"9AF9A11B-D133-4104-A5D7-ACB14698F138": {
			"fileEncoding": "4",
			"isa": "PBXFileReference",
			"lastKnownFileType": "sourcecode.cpp.h",
			"name": "Renderer.h",
			"sourceTree": "<group>"
		},
		"A1C6CAB7-8042-4EFF-911C-40A7FD55431A": {
			"fileEncoding": "4",
			"isa": "PBXFileReference",
			"lastKnownFileType": "sourcecode.cpp.h",
			"name": "PingPongFbo.h",
			"sourceTree": "<group>"
		},
		"A2F92BA6-8663-484B-B408-E643633214D0": {
			"fileEncoding": "4",
			"isa": "PBXFileReference",
			"lastKnownFileType": "sourcecode.cpp.h",
			"name": "ofxMotionFromVideo.h",
			"sourceTree": "<group>"
		},
		"A7E6FF2E-65D6-43D0-9B43-84F16482D384": {
			"fileEncoding": "4",
			"isa": "PBXFileReference",
			"lastKnownFileType": "sourcecode.cpp.cpp",
			"name": "CameraFrameSource.cpp",
			"sourceTree": "<group>"
		},
		"A88B169B-E25A-463A-BC47-464E0C4B13C3": {
			"fileRef": "0673898C-BD59-4207-9EA2-83DBDF2FB819",
			"isa": "PBXBuildFile"
		},
		"AE5D2AEB-FEF2-49A9-AB01-46871084D3E3": {
			"fileEncoding": "4",
			"isa": "PBXFileReference",
			"lastKnownFileType": "sourcecode.cpp.h",
			"name": "AddTextureShader.h",
			"sourceTree": "<group>"
		},
		"B23E6726-DC66-4029-9D90-B93571395943": {
			"fileEncoding": "4",
			"isa": "PBXFileReference",
			"lastKnownFileType": "sourcecode.cpp.h",
			"name": "JacobiShader.h",
			"sourceTree": "<group>"
		},
		"B34DCEFF-FB3E-4267-8BDB-430E631BDF32": {
			"fileRef": "3005F9F8-8BB8-4909-B543-FFA00832CC25",
			"isa": "PBXBuildFile"
		},
		"B5D92BD7-473D-461D-88DB-818C86835ECC": {
			"children": [
				"AE5D2AEB-FEF2-49A9-AB01-46871084D3E3",
				"57356575-FA02-4DF3-8E15-E8E12D7907CE",
				"BE56E488-4790-4C1C-A028-9AD051BD4A94",
				"1F6171F2-82AD-41A5-837D-C262A356FA5F",
				"C5BF7D2E-0B95-4C83-9A4E-AC637265B83A",
				"C19A950B-56D1-46CA-BAA0-9BA82AD62B9E",
				"F4F098B1-872D-459F-AC9E-B1EBB3AE81C3",
				"893C4281-7781-438C-BBDF-77AC5676303F",
				"929B1036-D8DB-4C57-874B-9DE3B3BD4DD7",
				"23019DEE-B3AD-46AD-B31F-725E3A947124",
				"6FB320C4-4FB0-4603-9FBD-6123FB068D9E",
				"BED7F459-10EB-4B93-8C80-D687ABD018AB"
			],
			"isa": "PBXGroup",
			"name": "shaders",
			"path": "shaders",
			"sourceTree": "<group>"
		},
		"BB4B014C10F69532006C3DED": {
			"children": [
				"704A1760-89F4-4C55-9D9A-E9B8339D46B1",
				"FBBBD799-4092-48B0-9C14-30C51EF03D04",
				"178A2469-127B-4562-BD8B-68F5A4FA791A"
			],
			"isa": "PBXGroup",
			"name": "addons",
			"path": "../../../addons",
			"sourceTree": "SOURCE_ROOT"
		},
		"BE56E488-4790-4C1C-A028-9AD051BD4A94": {
			"fileEncoding": "4",
			"isa": "PBXFileReference",
			"lastKnownFileType": "sourcecode.cpp.h",
			"name": "GaussianXBlurShader.h",
			"sourceTree": "<group>"
		},
		"BED7F459-10EB-4B93-8C80-D687ABD018AB": {
			"fileEncoding": "4",
			"isa": "PBXFileReference",
			"lastKnownFileType": "sourcecode.cpp.h",
			"name": "TonemapShader.h",
			"sourceTree": "<group>"
		},
		"C06FE805-237F-44CF-8756-5F0234C443E4": {
			"children": [
				"4B2FDA2C-9EA1-44F6-BB5E-A28E9AD0CB02",
				"E997947A-DFF4-4138-8E40-42220F26A55C",
				"A1C6CAB7-8042-4EFF-911C-40A7FD55431A",
				"79A270A6-4408-4586-8AAF-2451F866E19B",
				"9AF9A11B-D133-4104-A5D7-ACB14698F138",
				"21CD5EA1-70F2-405C-915E-BF9A32738523",
				"D87A3A61-2008-4462-B00A-904F5039E676",
				"7FE8C298-453E-4262-950E-D4AE622E619E",
				"75391CBE-DE6E-4FF9-960D-670DF61C21DF",
				"B5D92BD7-473D-461D-88DB-818C86835ECC"
			],
			"isa": "PBXGroup",
			"name": "src",
			"path": "src",
			"sourceTree": "<group>"
		},
		"C19A950B-56D1-46CA-BAA0-9BA82AD62B9E": {
			"fileEncoding": "4",
			"isa": "PBXFileReference",
			"lastKnownFileType": "sourcecode.cpp.h",
			"name": "MaskShader.h",
			"sourceTree": "<group>"
		},
		"C3BA60EA-5DB9-4122-B0A2-20FE659315DC": {
			"fileEncoding": "4",
			"isa": "PBXFileReference",
			"lastKnownFileType": "sourcecode.cpp.h",
			"name": "IFrameSource.hpp",
			"sourceTree": "<group>"
		},
		"C41D1E69-4DCF-4D8D-80D0-7735521541EA": {
			"fileRef": "CDBE3A8A-837B-4735-A192-B25E8ADB912D",
			"isa": "PBXBuildFile"
		},
		"C5BF7D2E-0B95-4C83-9A4E-AC637265B83A": {
			"fileEncoding": "4",
			"isa": "PBXFileReference",
			"lastKnownFileType": "sourcecode.cpp.h",
			"name": "LogisticFnShader.h",
			"sourceTree": "<group>"
		},
		"CDBE3A8A-837B-4735-A192-B25E8ADB912D": {
			"fileEncoding": "4",
			"isa": "PBXFileReference",
			"lastKnownFileType": "sourcecode.cpp.cpp",
			"name": "ofxGuiGroup.cpp",
			"sourceTree": "<group>"
		},
		"CF7B01EB-9BF1-47EF-98E1-1A30EA2F8CA6": {
			"fileEncoding": "4",
			"isa": "PBXFileReference",
			"lastKnownFileType": "folder",
			"name": "data",
			"path": "bin/data",
			"sourceTree": "SOURCE_ROOT"
		},
		"D87A3A61-2008-4462-B00A-904F5039E676": {
			"fileEncoding": "4",
			"isa": "PBXFileReference",
			"lastKnownFileType": "sourcecode.cpp.h",
			"name": "UnitQuadMesh.h",
			"sourceTree": "<group>"
		},
		"DF7B8E14-1D2A-4D5F-A2FF-FA1B5C9972FA": {
			"fileRef": "8DFF1F3A-D039-44F2-B990-F0DEEC557D9B",
			"isa": "PBXBuildFile"
		},
		"E0F1228D-B6C0-40DC-91CB-CD81B77C93A8": {
			"fileEncoding": "4",
			"isa": "PBXFileReference",
			"lastKnownFileType": "sourcecode.cpp.cpp",
			"name": "ExternalFrameSource.cpp",
			"sourceTree": "<group>"
		},
		"E1A447F5-C702-4121-8C90-BC7497F65F64": {
			"fileEncoding": "4",
			"isa": "PBXFileReference",
			"lastKnownFileType": "sourcecode.cpp.h",
			"name": "ofxGui.h",
			"sourceTree": "<group>"
		},
		"E1E3FED0-1B50-4932-BBFD-EF596C955E8C": {
			"fileEncoding": "4",
			"isa": "PBXFileReference",
			"lastKnownFileType": "sourcecode.cpp.h",
			"name": "FadeEffect.h",
			"sourceTree": "<group>"
		},
		"E42962A92163ECCD00A6A9E2": {
			"alwaysOutOfDate": "1",
			"buildActionMask": "2147483647",
			"files": [],
			"inputPaths": [],
			"isa": "PBXShellScriptBuildPhase",
			"name": "Run Script — Compile OF",
			"outputPaths": [],
			"runOnlyForDeploymentPostprocessing": "0",
			"shellPath": "/bin/sh",
			"shellScript": "$OF_CORE_BUILD_COMMAND\n",
			"showEnvVarsInLog": "0"
		},
		"E4A5B60F29BAAAE400C2D356": {
			"buildActionMask": "2147483647",
			"dstPath": "",
			"dstSubfolderSpec": "6",
			"files": [],
			"isa": "PBXCopyFilesBuildPhase",
			"runOnlyForDeploymentPostprocessing": "0"
		},
		"E4B69B4A0A3A1720003C02F2": {
			"children": [
				"191CD6FA2847E21E0085CBB6",
				"E4B6FCAD0C3E899E008CF71C",
				"E4EB6923138AFD0F00A09F29",
				"E4B69E1C0A3A1BDC003C02F2",
				"191EF70929D778A400F35F26",
				"BB4B014C10F69532006C3DED",
				"E4B69B5B0A3A1756003C02F2",
				"CF7B01EB-9BF1-47EF-98E1-1A30EA2F8CA6"
			],
			"isa": "PBXGroup",
			"sourceTree": "<group>"
		},
		"E4B69B4C0A3A1720003C02F2": {
			"attributes": {
				"BuildIndependentTargetsInParallel": "YES",
				"LastUpgradeCheck": "1540"
			},
			"buildConfigurationList": "E4B69B4D0A3A1720003C02F2",
			"compatibilityVersion": "Xcode 3.2",
			"developmentRegion": "en",
			"hasScannedForEncodings": "0",
			"isa": "PBXProject",
			"knownRegions": [
				"en",
				"Base"
			],
			"mainGroup": "E4B69B4A0A3A1720003C02F2",
			"productRefGroup": "E4B69B4A0A3A1720003C02F2",
			"projectDirPath": "",
			"projectRoot": "",
			"targets": [
				"E4B69B5A0A3A1756003C02F2"
			]
		},
		"E4B69B4D0A3A1720003C02F2": {
			"buildConfigurations": [
				"E4B69B4E0A3A1720003C02F2",
				"E4B69B4F0A3A1720003C02F2"
			],
			"defaultConfigurationIsVisible": "0",
			"defaultConfigurationName": "Release",
			"isa": "XCConfigurationList"
		},
		"E4B69B4E0A3A1720003C02F2": {
			"baseConfigurationReference": "E4EB6923138AFD0F00A09F29",
			"buildSettings": {
				"CODE_SIGN_ENTITLEMENTS": "of.entitlements",
				"COPY_PHASE_STRIP": "NO",
				"ENABLE_TESTABILITY": "YES",
				"GCC_OPTIMIZATION_LEVEL": "0",
				"GCC_WARN_UNUSED_VARIABLE": "NO",
				"HEADER_SEARCH_PATHS": [
					"$(OF_CORE_HEADERS)",
					"src"
				],
				"OTHER_CPLUSPLUSFLAGS": "-D__MACOSX_CORE__"
			},
			"isa": "XCBuildConfiguration",
			"name": "Debug"
		},
		"E4B69B4F0A3A1720003C02F2": {
			"baseConfigurationReference": "E4EB6923138AFD0F00A09F29",
			"buildSettings": {
				"CODE_SIGN_ENTITLEMENTS": "of.entitlements",
				"COPY_PHASE_STRIP": "YES",
				"GCC_OPTIMIZATION_LEVEL": "3",
				"GCC_UNROLL_LOOPS": "YES",
				"HEADER_SEARCH_PATHS": [
					"$(OF_CORE_HEADERS)",
					"src"
				],
				"OTHER_CPLUSPLUSFLAGS": "-D__MACOSX_CORE__"
			},
			"isa": "XCBuildConfiguration",
			"name": "Release"
		},
		"E4B69B580A3A1756003C02F2": {
			"buildActionMask": "2147483647",
			"files": [
				"E4B69E200A3A1BDC003C02F2",
				"E4B69E210A3A1BDC003C02F2",
				"75E4FF4C-49FC-426E-AEEE-EA9390DCD51A",
				"EEC9D048-6CB6-4ED4-8DA7-9BA00FC90F2A",
				"A88B169B-E25A-463A-BC47-464E0C4B13C3",
				"C41D1E69-4DCF-4D8D-80D0-7735521541EA",
				"3B56006B-7A26-46D3-85C1-77C607707794",
				"E91DA11A-48AF-4A24-9F43-DC0E355FE073",
				"B34DCEFF-FB3E-4267-8BDB-430E631BDF32",
				"E9C6CA8C-7AE4-4EAB-90B3-1E871B94E975",
				"2296828D-B8E5-40F3-868B-DD7ADC061D34",
				"74499732-5BB8-418D-AFC9-E9F0C2BAEF52",
				"0202314B-A253-40E7-868C-85079C25342B",
				"2A652555-4EF0-4A77-B6FF-8D78F7C9A334",
				"F06D54C3-DD4A-4505-8D1C-C224515CB693",
				"65ACCD09-68CB-4A45-944E-D2C7669051C1",
				"DF7B8E14-1D2A-4D5F-A2FF-FA1B5C9972FA"
			],
			"isa": "PBXSourcesBuildPhase",
			"runOnlyForDeploymentPostprocessing": "0"
		},
		"E4B69B590A3A1756003C02F2": {
			"buildActionMask": "2147483647",
			"files": [],
			"isa": "PBXFrameworksBuildPhase",
			"runOnlyForDeploymentPostprocessing": "0"
		},
		"E4B69B5A0A3A1756003C02F2": {
			"buildConfigurationList": "E4B69B5F0A3A1757003C02F2",
			"buildPhases": [
				"E42962A92163ECCD00A6A9E2",
				"E4B69B580A3A1756003C02F2",
				"E4B69B590A3A1756003C02F2",
				"E4C2427710CC5ABF004149E2",
				"E4A5B60F29BAAAE400C2D356",
				"19B789C429E5AB4A0082E9B8"
			],
			"buildRules": [],
			"dependencies": [],
			"isa": "PBXNativeTarget",
			"name": "example_MotionFromVideo",
			"productName": "myOFApp",
			"productReference": "E4B69B5B0A3A1756003C02F2",
			"productType": "com.apple.product-type.application"
		},
		"E4B69B5B0A3A1756003C02F2": {
			"explicitFileType": "wrapper.application",
			"includeInIndex": "0",
			"isa": "PBXFileReference",
			"path": "example_MotionFromVideoDebug.app",
			"sourceTree": "BUILT_PRODUCTS_DIR"
		},
		"E4B69B5F0A3A1757003C02F2": {
			"buildConfigurations": [
				"E4B69B600A3A1757003C02F2",
				"E4B69B610A3A1757003C02F2"
			],
			"defaultConfigurationIsVisible": "0",
			"defaultConfigurationName": "Release",
			"isa": "XCConfigurationList"
		},
		"E4B69B600A3A1757003C02F2": {
			"baseConfigurationReference": "E4EB6923138AFD0F00A09F29",
			"buildSettings": {
				"ARCHS": "$(ARCHS_STANDARD)",
				"COPY_PHASE_STRIP": "NO",
				"FRAMEWORK_SEARCH_PATHS": "$(inherited)",
				"GCC_DYNAMIC_NO_PIC": "NO",
				"HEADER_SEARCH_PATHS": [
					"$(OF_CORE_HEADERS)",
					"src",
					"src",
					"../../ofxGui/src",
					"../../ofxRenderer/src",
					"../../ofxRenderer/src/effects",
					"../../ofxRenderer/src/fluid",
					"../../ofxRenderer/src/shaders",
					"../src"
				],
				"LIBRARY_SEARCH_PATHS": "$(inherited)",
				"OTHER_LDFLAGS": [
					"$(OF_CORE_LIBS)",
					"$(OF_CORE_FRAMEWORKS)",
					"$(LIB_OF_DEBUG)"
				]
			},
			"isa": "XCBuildConfiguration",
			"name": "Debug"
		},
		"E4B69B610A3A1757003C02F2": {
			"baseConfigurationReference": "E4EB6923138AFD0F00A09F29",
			"buildSettings": {
				"ARCHS": "$(ARCHS_STANDARD)",
				"COPY_PHASE_STRIP": "YES",
				"FRAMEWORK_SEARCH_PATHS": "$(inherited)",
				"HEADER_SEARCH_PATHS": [
					"$(OF_CORE_HEADERS)",
					"src",
					"src",
					"../../ofxGui/src",
					"../../ofxRenderer/src",
					"../../ofxRenderer/src/effects",
					"../../ofxRenderer/src/fluid",
					"../../ofxRenderer/src/shaders",
					"../src"
				],
				"LIBRARY_SEARCH_PATHS": "$(inherited)",
				"OTHER_LDFLAGS": [
					"$(OF_CORE_LIBS)",
					"$(OF_CORE_FRAMEWORKS)",
					"$(LIB_OF_RELEASE)"
				],
				"baseConfigurationReference": "E4EB6923138AFD0F00A09F29"
			},
			"isa": "XCBuildConfiguration",
			"name": "Release"
		},
		"E4B69E1C0A3A1BDC003C02F2": {
			"children": [
				"E4B69E1D0A3A1BDC003C02F2",
				"E4B69E1E0A3A1BDC003C02F2",
				"E4B69E1F0A3A1BDC003C02F2"
			],
			"isa": "PBXGroup",
			"path": "src",
			"sourceTree": "SOURCE_ROOT"
		},
		"E4B69E1D0A3A1BDC003C02F2": {
			"fileEncoding": "4",
			"isa": "PBXFileReference",
			"lastKnownFileType": "sourcecode.cpp.cpp",
			"name": "main.cpp",
			"path": "src/main.cpp",
			"sourceTree": "SOURCE_ROOT"
		},
		"E4B69E1E0A3A1BDC003C02F2": {
			"explicitFileType": "sourcecode.cpp.cpp",
			"fileEncoding": "4",
			"isa": "PBXFileReference",
			"name": "ofApp.cpp",
			"path": "src/ofApp.cpp",
			"sourceTree": "SOURCE_ROOT"
		},
		"E4B69E1F0A3A1BDC003C02F2": {
			"fileEncoding": "4",
			"isa": "PBXFileReference",
			"lastKnownFileType": "sourcecode.c.h",
			"name": "ofApp.h",
			"path": "src/ofApp.h",
			"sourceTree": "SOURCE_ROOT"
		},
		"E4B69E200A3A1BDC003C02F2": {
			"fileRef": "E4B69E1D0A3A1BDC003C02F2",
			"isa": "PBXBuildFile"
		},
		"E4B69E210A3A1BDC003C02F2": {
			"fileRef": "E4B69E1E0A3A1BDC003C02F2",
			"isa": "PBXBuildFile"
		},
		"E4B6FCAD0C3E899E008CF71C": {
			"fileEncoding": "4",
			"isa": "PBXFileReference",
			"lastKnownFileType": "text.plist.xml",
			"path": "openFrameworks-Info.plist",
			"sourceTree": "<group>"
		},
		"E4C2427710CC5ABF004149E2": {
			"buildActionMask": "2147483647",
			"dstPath": "",
			"dstSubfolderSpec": "10",
			"files": [],
			"isa": "PBXCopyFilesBuildPhase",
			"runOnlyForDeploymentPostprocessing": "0"
		},
		"E4EB6923138AFD0F00A09F29": {
			"fileEncoding": "4",
			"isa": "PBXFileReference",
			"lastKnownFileType": "text.xcconfig",
			"path": "Project.xcconfig",
			"sourceTree": "<group>"
		},
		"E91DA11A-48AF-4A24-9F43-DC0E355FE073": {
			"fileRef": "67FBFF9C-746F-4D39-9178-FD54B0F3C432",
			"isa": "PBXBuildFile"
		},
		"E997947A-DFF4-4138-8E40-42220F26A55C": {
			"fileEncoding": "4",
			"isa": "PBXFileReference",
			"lastKnownFileType": "sourcecode.cpp.h",
			"name": "OpenGLTimer.h",
			"sourceTree": "<group>"
		},
		"E9C6CA8C-7AE4-4EAB-90B3-1E871B94E975": {
			"fileRef": "6AD0178F-2045-4B76-AAEB-BA749AA596BE",
			"isa": "PBXBuildFile"
		},
		"ED0C285D-B003-461C-BF70-D0C063989BFF": {
			"fileEncoding": "4",
			"isa": "PBXFileReference",
			"lastKnownFileType": "sourcecode.cpp.h",
			"name": "ofxLabel.h",
			"sourceTree": "<group>"
		},
		"EE8C78F5-2BCB-4B4E-904D-E70560B1076B": {
			"fileEncoding": "4",
			"isa": "PBXFileReference",
			"lastKnownFileType": "sourcecode.cpp.h",
			"name": "FrameSourceBase.hpp",
			"sourceTree": "<group>"
		},
		"EE9CB945-3BAC-4232-8778-2A9DF1BFDF4E": {
			"fileEncoding": "4",
			"isa": "PBXFileReference",
			"lastKnownFileType": "sourcecode.cpp.h",
			"name": "ofxSliderGroup.h",
			"sourceTree": "<group>"
		},
		"EEC9D048-6CB6-4ED4-8DA7-9BA00FC90F2A": {
			"fileRef": "316728E5-F238-4D78-84AC-6C2531122C43",
			"isa": "PBXBuildFile"
		},
		"F06D54C3-DD4A-4505-8D1C-C224515CB693": {
			"fileRef": "9A1F9B07-DF42-494E-BF72-8D21A9FF46FA",
			"isa": "PBXBuildFile"
		},
		"F4F098B1-872D-459F-AC9E-B1EBB3AE81C3": {
			"fileEncoding": "4",
			"isa": "PBXFileReference",
			"lastKnownFileType": "sourcecode.cpp.h",
			"name": "OpticalFlowShader.h",
			"sourceTree": "<group>"
		},
		"F65672C7-B6B1-4DA3-B12F-946F46331978": {
			"children": [
				"A7E6FF2E-65D6-43D0-9B43-84F16482D384",
				"83DD3F04-66B3-43A4-A4E6-5D1390A4E645",
				"E0F1228D-B6C0-40DC-91CB-CD81B77C93A8",
				"74C6C4CB-BB9C-46C4-A457-76C8DFAFE7D9",
				"9A1F9B07-DF42-494E-BF72-8D21A9FF46FA",
				"EE8C78F5-2BCB-4B4E-904D-E70560B1076B",
				"C3BA60EA-5DB9-4122-B0A2-20FE659315DC",
				"73E116E4-459D-4C1E-B94E-635407B88333",
				"50B2CA98-B30A-430A-92DD-C5B457BC5F0C",
				"8DFF1F3A-D039-44F2-B990-F0DEEC557D9B",
				"A2F92BA6-8663-484B-B408-E643633214D0"
			],
			"isa": "PBXGroup",
			"name": "src",
			"path": "src",
			"sourceTree": "<group>"
		},
		"FBBBD799-4092-48B0-9C14-30C51EF03D04": {
			"children": [
				"C06FE805-237F-44CF-8756-5F0234C443E4"
			],
			"isa": "PBXGroup",
			"name": "ofxRenderer",
			"path": "ofxRenderer",
			"sourceTree": "<group>"
		}
	},
	"rootObject": "E4B69B4C0A3A1720003C02F2"
}