{
	"_OFProjectGeneratorVersion": "0.104.0",
	"archiveVersion": "1",
	"classes": {},
	"objectVersion": "54",
	"objects": {
		"00D71E05-A496-402D-B2A9-852BEDBBA204": {
			"fileEncoding": "4",
			"isa": "PBXFileReference",
			"lastKnownFileType": "sourcecode.cpp.h",
			"name": "ExternalFrameSource.hpp",
			"sourceTree": "<group>"
		},
		"0642A088-3027-45A4-A574-CD82DDA66BC8": {
			"fileEncoding": "4",
			"isa": "PBXFileReference",
			"lastKnownFileType": "sourcecode.cpp.h",
			"name": "VideoFileFrameSource.hpp",
			"sourceTree": "<group>"
		},
		"0C86AB11-FA28-4876-B4C6-75E08BA4D2B1": {
			"fileRef": "8FD0CA20-4FDB-4E78-ABF2-24793BCE95A5",
			"isa": "PBXBuildFile"
		},
		"0CB4C1F0-C89A-47E3-97B2-F9AD032F2C1D": {
			"fileRef": "A408F568-8C6D-44C2-B962-99AFBB796991",
			"isa": "PBXBuildFile"
		},
		"0F610206-691B-4C81-B72F-02FE026DA15E": {
			"fileEncoding": "4",
			"isa": "PBXFileReference",
			"lastKnownFileType": "sourcecode.cpp.h",
			"name": "ApplyVelocityFieldShader.h",
			"sourceTree": "<group>"
		},
		"13DF6FC0-55BB-4FEE-BC62-C3E3AB97953C": {
			"fileEncoding": "4",
			"isa": "PBXFileReference",
			"lastKnownFileType": "sourcecode.cpp.h",
			"name": "ofxMotionFromVideo.h",
			"sourceTree": "<group>"
		},
		"16033050-1891-432B-B627-3F7FFA319E7C": {
			"fileEncoding": "4",
			"isa": "PBXFileReference",
			"lastKnownFileType": "sourcecode.cpp.h",
			"name": "Shader.h",
			"sourceTree": "<group>"
		},
		"1652B43D-BE4C-4054-833E-836BFF1D01F7": {
			"fileEncoding": "4",
			"isa": "PBXFileReference",
			"lastKnownFileType": "sourcecode.cpp.h",
			"name": "IFrameSource.hpp",
			"sourceTree": "<group>"
		},
		"16E35814-452F-48BB-B05A-6805FB9E670E": {
			"fileEncoding": "4",
			"isa": "PBXFileReference",
			"lastKnownFileType": "sourcecode.cpp.h",
			"name": "GaussianYBlurShader.h",
			"sourceTree": "<group>"
		},
		"191CD6FA2847E21E0085CBB6": {
			"fileEncoding": "4",
			"isa": "PBXFileReference",
			"lastKnownFileType": "text.plist.entitlements",
			"path": "of.entitlements",
			"sourceTree": "<group>"
		},
		"191EF70929D778A400F35F26": {
			"isa": "PBXFileReference",
			"lastKnownFileType": "folder",
			"name": "openFrameworks",
			"path": "../../../libs/openFrameworks",
			"sourceTree": "SOURCE_ROOT"
		},
		"1947DAAA-5A30-4C29-B278-08FBDD5E65A6": {
			"fileEncoding": "4",
			"isa": "PBXFileReference",
			"lastKnownFileType": "sourcecode.cpp.h",
			"name": "ofxGuiUtils.h",
			"sourceTree": "<group>"
		},
		"19B789C429E5AB4A0082E9B8": {
			"alwaysOutOfDate": "1",
			"buildActionMask": "2147483647",
			"files": [],
			"inputFileListPaths": [],
			"inputPaths": [],
			"isa": "PBXShellScriptBuildPhase",
			"outputFileListPaths": [],
			"outputPaths": [],
			"runOnlyForDeploymentPostprocessing": "0",
			"shellPath": "/bin/sh",
			"shellScript": "\"$OF_PATH/scripts/osx/xcode_project.sh\"\n",
			"showEnvVarsInLog": "0"
		},
		"1C59AB4B-E230-4F6B-A320-A6BE099E4968": {
			"fileEncoding": "4",
			"isa": "PBXFileReference",
			"lastKnownFileType": "sourcecode.cpp.h",
			"name": "VelocityCflClampShader.h",
			"sourceTree": "<group>"
		},
		"1DE844E3-AEDC-4CF1-9FA0-8B7003850542": {
			"children": [
				"6A89CC75-A73B-4CC7-BFC7-C7DDE0B99A45",
				"DEA6FF60-0BFE-4F3C-BF97-24721411CC87",
				"2597A2B4-1D85-438A-8C1B-4FD73398B808",
				"16E35814-452F-48BB-B05A-6805FB9E670E",
				"B1481616-0D15-4D95-AEC5-7A18101BA367",
				"CE31E3A0-BECD-4EE9-914F-3DC687B2E107",
				"2DDA10C4-2E47-4FD5-9B04-8DEA4388DE34",
				"569D1521-E340-4D8D-BD2F-8E72BA707537",
				"C3EE1E07-E258-4626-8CCE-0435A2B52EDC",
				"B50140F1-A075-498C-AB80-92BAC4AE1077",
				"5FA3640B-7278-4C5B-B62E-4033D79D0B99",
				"7A3CECBF-45DF-4857-96A7-F66C7DC4E929"
			],
			"isa": "PBXGroup",
			"name": "shaders",
			"path": "shaders",
			"sourceTree": "<group>"
		},
		"1EB83C2D-D41A-4F79-94FD-AACE9DFAE85C": {
			"fileEncoding": "4",
			"isa": "PBXFileReference",
			"lastKnownFileType": "sourcecode.cpp.h",
			"name": "ApplyVorticityForceShader.h",
			"sourceTree": "<group>"
		},
		"209305BF-9092-43ED-9AD2-2E0D9041220A": {
			"fileEncoding": "4",
			"isa": "PBXFileReference",
			"lastKnownFileType": "sourcecode.cpp.h",
			"name": "JacobiShader.h",
			"sourceTree": "<group>"
		},
		"22371CB4-5101-4362-880C-1E2AC7F0DC13": {
			"fileRef": "B1C91F59-6D25-401C-9905-E6E7BA965FEE",
			"isa": "PBXBuildFile"
		},
		"2597A2B4-1D85-438A-8C1B-4FD73398B808": {
			"fileEncoding": "4",
			"isa": "PBXFileReference",
			"lastKnownFileType": "sourcecode.cpp.h",
			"name": "GaussianXBlurShader.h",
			"sourceTree": "<group>"
		},
		"270BCCA1-1493-4B73-8969-15FEE13286D1": {
			"fileEncoding": "4",
			"isa": "PBXFileReference",
			"lastKnownFileType": "sourcecode.cpp.h",
			"name": "FadeEffect.h",
			"sourceTree": "<group>"
		},
		"28723D32-36FE-4C9F-8EA1-9E6D686E11E8": {
			"fileEncoding": "4",
			"isa": "PBXFileReference",
			"lastKnownFileType": "sourcecode.cpp.h",
			"name": "ofxToggle.h",
			"sourceTree": "<group>"
		},
		"28E98B34-D45E-4F85-92D4-4C4D3969B4D5": {
			"fileEncoding": "4",
			"isa": "PBXFileReference",
			"lastKnownFileType": "folder",
			"name": "data",
			"path": "bin/data",
			"sourceTree": "SOURCE_ROOT"
		},
		"2A9B6103-5616-4E51-AEA3-0083EA9642E3": {
			"fileEncoding": "4",
			"isa": "PBXFileReference",
			"lastKnownFileType": "sourcecode.cpp.h",
			"name": "VorticityRenderer.h",
			"sourceTree": "<group>"
		},
		"2DDA10C4-2E47-4FD5-9B04-8DEA4388DE34": {
			"fileEncoding": "4",
			"isa": "PBXFileReference",
			"lastKnownFileType": "sourcecode.cpp.h",
			"name": "OpticalFlowShader.h",
			"sourceTree": "<group>"
		},
		"329EC7CF-0030-415D-9355-EFFAB715744B": {
			"children": [
				"BE3B8EFD-DDEA-45E1-B9BC-2643E3A55954"
			],
			"isa": "PBXGroup",
			"name": "ofxGui",
			"path": "ofxGui",
			"sourceTree": "<group>"
		},
		"32DAA6CA-7107-43FB-BCB0-C37509B1EE74": {
			"fileEncoding": "4",
			"isa": "PBXFileReference",
			"lastKnownFileType": "sourcecode.cpp.h",
			"name": "DivergenceRenderer.h",
			"sourceTree": "<group>"
		},
		"37CE473B-3961-43CE-9DEA-805915C3BD03": {
			"fileEncoding": "4",
			"isa": "PBXFileReference",
			"lastKnownFileType": "sourcecode.cpp.h",
			"name": "PingPongFbo.h",
			"sourceTree": "<group>"
		},
		"3AB6CAE7-FB30-4590-A1FC-EC140187593E": {
			"fileRef": "7E03F492-D19F-4973-88AE-BBD27A804619",
			"isa": "PBXBuildFile"
		},
		"3C4CD365-7425-4EE7-8D82-6621AC699FBD": {
			"fileEncoding": "4",
			"isa": "PBXFileReference",
			"lastKnownFileType": "sourcecode.cpp.cpp",
			"name": "ofxButton.cpp",
			"sourceTree": "<group>"
		},
		"46E47EA2-DD17-4061-899C-86DC121FA834": {
			"fileEncoding": "4",
			"isa": "PBXFileReference",
			"lastKnownFileType": "sourcecode.cpp.cpp",
			"name": "CameraFrameSource.cpp",
			"sourceTree": "<group>"
		},
		"4F184C8C-4006-40CB-806C-CD8F8FDACEA3": {
			"fileEncoding": "4",
			"isa": "PBXFileReference",
			"lastKnownFileType": "sourcecode.cpp.h",
			"name": "UnitQuadMesh.h",
			"sourceTree": "<group>"
		},
		"502F821A-FF38-40CD-906C-88E3F06E3690": {
			"fileRef": "BBFC994D-A6EB-4222-880A-D228BBD32AC8",
			"isa": "PBXBuildFile"
		},
		"5543CC23-ECC5-48A2-9B58-901F634692F6": {
			"fileEncoding": "4",
			"isa": "PBXFileReference",
			"lastKnownFileType": "sourcecode.cpp.h",
			"name": "ofxGuiGroup.h",
			"sourceTree": "<group>"
		},
		"55DC737A-11D7-44CF-BD9A-201E0A826927": {
			"children": [
				"B9F9A574-2394-4CBE-AB71-D6EA4081F59E"
			],
			"isa": "PBXGroup",
			"name": "ofxMotionFromVideo",
			"path": "ofxMotionFromVideo",
			"sourceTree": "<group>"
		},
		"569D1521-E340-4D8D-BD2F-8E72BA707537": {
			"fileEncoding": "4",
			"isa": "PBXFileReference",
			"lastKnownFileType": "sourcecode.cpp.h",
			"name": "RefractiveRectangleShader.h",
			"sourceTree": "<group>"
		},
		"5FA3640B-7278-4C5B-B62E-4033D79D0B99": {
			"fileEncoding": "4",
			"isa": "PBXFileReference",
			"lastKnownFileType": "sourcecode.cpp.h",
			"name": "ThresholdedAddShader.h",
			"sourceTree": "<group>"
		},
		"61FCDD70-D87B-4B9D-9585-C42D711CA5C9": {
			"fileEncoding": "4",
			"isa": "PBXFileReference",
			"lastKnownFileType": "sourcecode.cpp.h",
			"name": "FluidSimulation.h",
			"sourceTree": "<group>"
		},
		"6796B895-C5C0-440E-A76F-A91D06B89D82": {
			"fileEncoding": "4",
			"isa": "PBXFileReference",
			"lastKnownFileType": "sourcecode.cpp.cpp",
			"name": "ofxGuiGroup.cpp",
			"sourceTree": "<group>"
		},
		"6A89CC75-A73B-4CC7-BFC7-C7DDE0B99A45": {
			"fileEncoding": "4",
			"isa": "PBXFileReference",
			"lastKnownFileType": "sourcecode.cpp.h",
			"name": "AddTextureShader.h",
			"sourceTree": "<group>"
		},
		"6BA95839-750B-4422-A99B-4B5637FAD7BE": {
			"fileEncoding": "4",
			"isa": "PBXFileReference",
			"lastKnownFileType": "sourcecode.cpp.cpp",
			"name": "ofxColorPicker.cpp",
			"sourceTree": "<group>"
		},
		"6E05C4F0-3E06-424D-99DA-0554D2260C41": {
			"fileRef": "46E47EA2-DD17-4061-899C-86DC121FA834",
			"isa": "PBXBuildFile"
		},
		"6EDFC005-F5D6-45FD-91DA-35D9B5B8519D": {
			"fileRef": "6796B895-C5C0-440E-A76F-A91D06B89D82",
			"isa": "PBXBuildFile"
		},
		"70624017-B646-490B-A4CB-70428B3F8775": {
			"fileEncoding": "4",
			"isa": "PBXFileReference",
			"lastKnownFileType": "sourcecode.cpp.h",
			"name": "Effect.h",
			"sourceTree": "<group>"
		},
		"729B12C6-22F6-45F9-8215-B48983DDA4B1": {
			"fileEncoding": "4",
			"isa": "PBXFileReference",
			"lastKnownFileType": "sourcecode.cpp.h",
			"name": "ApplyTemperatureBuoyancyShader.h",
			"sourceTree": "<group>"
		},
		"75E97F47-D3D3-4930-8732-726DD89FD5A5": {
			"fileEncoding": "4",
			"isa": "PBXFileReference",
			"lastKnownFileType": "sourcecode.cpp.h",
			"name": "ofxSliderGroup.h",
			"sourceTree": "<group>"
		},
		"7A3CECBF-45DF-4857-96A7-F66C7DC4E929": {
			"fileEncoding": "4",
			"isa": "PBXFileReference",
			"lastKnownFileType": "sourcecode.cpp.h",
			"name": "TonemapShader.h",
			"sourceTree": "<group>"
		},
		"7D22F778-2B07-4410-B810-63438E754E90": {
			"fileEncoding": "4",
			"isa": "PBXFileReference",
			"lastKnownFileType": "sourcecode.cpp.h",
			"name": "ofxPanel.h",
			"sourceTree": "<group>"
		},
		"7D87551A-3FA1-4A6F-9CE7-9506745A14E5": {
			"fileEncoding": "4",
			"isa": "PBXFileReference",
			"lastKnownFileType": "sourcecode.cpp.cpp",
			"name": "ofxPanel.cpp",
			"sourceTree": "<group>"
		},
		"7E03F492-D19F-4973-88AE-BBD27A804619": {
			"fileEncoding": "4",
			"isa": "PBXFileReference",
			"lastKnownFileType": "sourcecode.cpp.cpp",
			"name": "ofxToggle.cpp",
			"sourceTree": "<group>"
		},
		"828613E2-A530-407E-A38E-D362CAD4FB47": {
			"fileEncoding": "4",
			"isa": "PBXFileReference",
			"lastKnownFileType": "sourcecode.cpp.h",
			"name": "SubtractDivergenceShader.h",
			"sourceTree": "<group>"
		},
		"84FFB8B3-A507-4626-A093-41218BC75FE7": {
			"fileEncoding": "4",
			"isa": "PBXFileReference",
			"lastKnownFileType": "sourcecode.cpp.cpp",
			"name": "ofxMotionFromVideo.cpp",
			"sourceTree": "<group>"
		},
		"85EFF907-56A8-4AD1-9C6D-2048671D8299": {
			"fileEncoding": "4",
			"isa": "PBXFileReference",
			"lastKnownFileType": "sourcecode.cpp.h",
			"name": "ofxColorPicker.h",
			"sourceTree": "<group>"
		},
		"8B20D207-EA94-4F4E-9F94-17B4BF573447": {
			"fileEncoding": "4",
			"isa": "PBXFileReference",
			"lastKnownFileType": "sourcecode.cpp.cpp",
			"name": "VideoFileFrameSource.cpp",
			"sourceTree": "<group>"
		},
		"8C4B55B2-A7A9-4314-8862-892489A4793C": {
			"children": [
				"270BCCA1-1493-4B73-8969-15FEE13286D1",
				"955D6B70-CF06-4402-A9F1-1050527C7A07"
			],
			"isa": "PBXGroup",
			"name": "effects",
			"path": "effects",
			"sourceTree": "<group>"
		},
		"8EC830D3-828C-4B28-AA45-6975DBB7BDEE": {
			"fileEncoding": "4",
			"isa": "PBXFileReference",
			"lastKnownFileType": "sourcecode.cpp.h",
			"name": "ofxLabel.h",
			"sourceTree": "<group>"
		},
		"8FD0CA20-4FDB-4E78-ABF2-24793BCE95A5": {
			"fileEncoding": "4",
			"isa": "PBXFileReference",
			"lastKnownFileType": "sourcecode.cpp.cpp",
			"name": "ofxBaseGui.cpp",
			"sourceTree": "<group>"
		},
		"9018F45D-330E-4E53-9831-B14CCFE83362": {
			"fileEncoding": "4",
			"isa": "PBXFileReference",
			"lastKnownFileType": "sourcecode.cpp.cpp",
			"name": "ofxLabel.cpp",
			"sourceTree": "<group>"
		},
		"91010828-2C84-4D1C-9919-E303CEFF957F": {
			"fileRef": "84FFB8B3-A507-4626-A093-41218BC75FE7",
			"isa": "PBXBuildFile"
		},
		"94D9928D-2C32-46B2-84FB-22AA05C7E1BF": {
			"fileRef": "7D87551A-3FA1-4A6F-9CE7-9506745A14E5",
			"isa": "PBXBuildFile"
		},
		"94E472C7-3380-4725-942F-D6516B3AEFD8": {
			"fileEncoding": "4",
			"isa": "PBXFileReference",
			"lastKnownFileType": "sourcecode.cpp.h",
			"name": "ofxGui.h",
			"sourceTree": "<group>"
		},
		"955D6B70-CF06-4402-A9F1-1050527C7A07": {
			"fileEncoding": "4",
			"isa": "PBXFileReference",
			"lastKnownFileType": "sourcecode.cpp.h",
			"name": "TranslateEffect.h",
			"sourceTree": "<group>"
		},
		"97856F27-47EA-4CEB-B0CB-024CB26905F9": {
			"fileEncoding": "4",
			"isa": "PBXFileReference",
			"lastKnownFileType": "sourcecode.cpp.cpp",
			"name": "ofxInputField.cpp",
			"sourceTree": "<group>"
		},
		"97CE5299-40FB-469E-A917-D0402634275E": {
			"fileEncoding": "4",
			"isa": "PBXFileReference",
			"lastKnownFileType": "sourcecode.cpp.h",
			"name": "ApplyBouyancyShader.h",
			"sourceTree": "<group>"
		},
		"A058FF9B-FDC2-471F-BB2F-7DC2BCF7A50C": {
			"children": [
				"F19AD21A-A054-4F7F-B099-7814FDF66D4D",
				"A78F3272-C2BA-47AE-8FC6-10A61FC088EF",
				"97CE5299-40FB-469E-A917-D0402634275E",
				"729B12C6-22F6-45F9-8215-B48983DDA4B1",
				"0F610206-691B-4C81-B72F-02FE026DA15E",
				"1EB83C2D-D41A-4F79-94FD-AACE9DFAE85C",
				"32DAA6CA-7107-43FB-BCB0-C37509B1EE74",
				"61FCDD70-D87B-4B9D-9585-C42D711CA5C9",
				"209305BF-9092-43ED-9AD2-2E0D9041220A",
				"828613E2-A530-407E-A38E-D362CAD4FB47",
				"ECE1F0C0-8629-4F25-A57E-602B6C0550C5",
				"1C59AB4B-E230-4F6B-A320-A6BE099E4968",
				"2A9B6103-5616-4E51-AEA3-0083EA9642E3"
			],
			"isa": "PBXGroup",
			"name": "fluid",
			"path": "fluid",
			"sourceTree": "<group>"
		},
		"A0F150D9-520A-4852-B698-C188D2CBB3E8": {
			"fileEncoding": "4",
			"isa": "PBXFileReference",
			"lastKnownFileType": "sourcecode.cpp.h",
			"name": "Renderer.h",
			"sourceTree": "<group>"
		},
		"A408F568-8C6D-44C2-B962-99AFBB796991": {
			"fileEncoding": "4",
			"isa": "PBXFileReference",
			"lastKnownFileType": "sourcecode.cpp.cpp",
			"name": "ExternalFrameSource.cpp",
			"sourceTree": "<group>"
		},
		"A78F3272-C2BA-47AE-8FC6-10A61FC088EF": {
			"fileEncoding": "4",
			"isa": "PBXFileReference",
			"lastKnownFileType": "sourcecode.cpp.h",
			"name": "AdvectShader.h",
			"sourceTree": "<group>"
		},
		"ABBAD662-BCAE-4CFC-AD1B-668464771CFD": {
			"fileRef": "D9C99A57-EDE9-4D02-9F5D-A67D4E8A55AB",
			"isa": "PBXBuildFile"
		},
		"B1481616-0D15-4D95-AEC5-7A18101BA367": {
			"fileEncoding": "4",
			"isa": "PBXFileReference",
			"lastKnownFileType": "sourcecode.cpp.h",
			"name": "LogisticFnShader.h",
			"sourceTree": "<group>"
		},
		"B1C91F59-6D25-401C-9905-E6E7BA965FEE": {
			"fileEncoding": "4",
			"isa": "PBXFileReference",
			"lastKnownFileType": "sourcecode.cpp.cpp",
			"name": "FrameSourceBase.cpp",
			"sourceTree": "<group>"
		},
		"B50140F1-A075-498C-AB80-92BAC4AE1077": {
			"fileEncoding": "4",
			"isa": "PBXFileReference",
			"lastKnownFileType": "sourcecode.cpp.h",
			"name": "SoftCircleShader.h",
			"sourceTree": "<group>"
		},
		"B7A5321E-AE8D-4824-9107-501B901B2EBB": {
			"fileEncoding": "4",
			"isa": "PBXFileReference",
			"lastKnownFileType": "sourcecode.cpp.h",
			"name": "FrameSourceBase.hpp",
			"sourceTree": "<group>"
		},
		"B9F9A574-2394-4CBE-AB71-D6EA4081F59E": {
			"children": [
				"46E47EA2-DD17-4061-899C-86DC121FA834",
				"EBD7D355-30B7-449F-9828-37F5DF9F8AA3",
				"A408F568-8C6D-44C2-B962-99AFBB796991",
				"00D71E05-A496-402D-B2A9-852BEDBBA204",
				"B1C91F59-6D25-401C-9905-E6E7BA965FEE",
				"B7A5321E-AE8D-4824-9107-501B901B2EBB",
				"1652B43D-BE4C-4054-833E-836BFF1D01F7",
				"8B20D207-EA94-4F4E-9F94-17B4BF573447",
				"0642A088-3027-45A4-A574-CD82DDA66BC8",
				"84FFB8B3-A507-4626-A093-41218BC75FE7",
				"13DF6FC0-55BB-4FEE-BC62-C3E3AB97953C"
			],
			"isa": "PBXGroup",
			"name": "src",
			"path": "src",
			"sourceTree": "<group>"
		},
		"BB4B014C10F69532006C3DED": {
			"children": [
				"329EC7CF-0030-415D-9355-EFFAB715744B",
				"FB0C3697-31F8-4308-9213-D445739324A5",
				"55DC737A-11D7-44CF-BD9A-201E0A826927"
			],
			"isa": "PBXGroup",
			"name": "addons",
			"path": "../../../addons",
			"sourceTree": "SOURCE_ROOT"
		},
		"BBFC994D-A6EB-4222-880A-D228BBD32AC8": {
			"fileEncoding": "4",
			"isa": "PBXFileReference",
			"lastKnownFileType": "sourcecode.cpp.cpp",
			"name": "ofxSliderGroup.cpp",
			"sourceTree": "<group>"
		},
		"BE3B8EFD-DDEA-45E1-B9BC-2643E3A55954": {
			"children": [
				"8FD0CA20-4FDB-4E78-ABF2-24793BCE95A5",
				"E8AC7C2D-B810-4416-BF0B-76D5A442106E",
				"3C4CD365-7425-4EE7-8D82-6621AC699FBD",
				"E073C678-8E91-41FE-B5AC-E3911D976D9B",
				"6BA95839-750B-4422-A99B-4B5637FAD7BE",
				"85EFF907-56A8-4AD1-9C6D-2048671D8299",
				"94E472C7-3380-4725-942F-D6516B3AEFD8",
				"6796B895-C5C0-440E-A76F-A91D06B89D82",
				"5543CC23-ECC5-48A2-9B58-901F634692F6",
				"1947DAAA-5A30-4C29-B278-08FBDD5E65A6",
				"97856F27-47EA-4CEB-B0CB-024CB26905F9",
				"E1A2CC38-A1FF-48A0-9B73-5D39712F5777",
				"9018F45D-330E-4E53-9831-B14CCFE83362",
				"8EC830D3-828C-4B28-AA45-6975DBB7BDEE",
				"7D87551A-3FA1-4A6F-9CE7-9506745A14E5",
				"7D22F778-2B07-4410-B810-63438E754E90",
				"D9C99A57-EDE9-4D02-9F5D-A67D4E8A55AB",
				"E97C96D4-717A-42F3-87DD-34A5509A1F8C",
				"BBFC994D-A6EB-4222-880A-D228BBD32AC8",
				"75E97F47-D3D3-4930-8732-726DD89FD5A5",
				"7E03F492-D19F-4973-88AE-BBD27A804619",
				"28723D32-36FE-4C9F-8EA1-9E6D686E11E8"
			],
			"isa": "PBXGroup",
			"name": "src",
			"path": "src",
			"sourceTree": "<group>"
		},
		"BFD8300C-38DC-4377-ADA7-898A5C9F8A6D": {
			"fileRef": "6BA95839-750B-4422-A99B-4B5637FAD7BE",
			"isa": "PBXBuildFile"
		},
		"C3C7E136-4295-4A7A-AD5C-EDFA153F1EB7": {
			"fileEncoding": "4",
			"isa": "PBXFileReference",
			"lastKnownFileType": "sourcecode.cpp.h",
			"name": "OpenGLTimer.h",
			"sourceTree": "<group>"
		},
		"C3EE1E07-E258-4626-8CCE-0435A2B52EDC": {
			"fileEncoding": "4",
			"isa": "PBXFileReference",
			"lastKnownFileType": "sourcecode.cpp.h",
			"name": "SmearShader.h",
			"sourceTree": "<group>"
		},
		"CE31E3A0-BECD-4EE9-914F-3DC687B2E107": {
			"fileEncoding": "4",
			"isa": "PBXFileReference",
			"lastKnownFileType": "sourcecode.cpp.h",
			"name": "MaskShader.h",
			"sourceTree": "<group>"
		},
		"D9C99A57-EDE9-4D02-9F5D-A67D4E8A55AB": {
			"fileEncoding": "4",
			"isa": "PBXFileReference",
			"lastKnownFileType": "sourcecode.cpp.cpp",
			"name": "ofxSlider.cpp",
			"sourceTree": "<group>"
		},
		"DCEA4DD3-0268-4132-B611-A0F11851E690": {
			"fileRef": "97856F27-47EA-4CEB-B0CB-024CB26905F9",
			"isa": "PBXBuildFile"
		},
		"DEA6FF60-0BFE-4F3C-BF97-24721411CC87": {
			"fileEncoding": "4",
			"isa": "PBXFileReference",
			"lastKnownFileType": "sourcecode.cpp.h",
			"name": "ClampShader.h",
			"sourceTree": "<group>"
		},
		"E073C678-8E91-41FE-B5AC-E3911D976D9B": {
			"fileEncoding": "4",
			"isa": "PBXFileReference",
			"lastKnownFileType": "sourcecode.cpp.h",
			"name": "ofxButton.h",
			"sourceTree": "<group>"
		},
		"E1A2CC38-A1FF-48A0-9B73-5D39712F5777": {
			"fileEncoding": "4",
			"isa": "PBXFileReference",
			"lastKnownFileType": "sourcecode.cpp.h",
			"name": "ofxInputField.h",
			"sourceTree": "<group>"
		},
		"E42962A92163ECCD00A6A9E2": {
			"alwaysOutOfDate": "1",
			"buildActionMask": "2147483647",
			"files": [],
			"inputPaths": [],
			"isa": "PBXShellScriptBuildPhase",
			"name": "Run Script — Compile OF",
			"outputPaths": [],
			"runOnlyForDeploymentPostprocessing": "0",
			"shellPath": "/bin/sh",
			"shellScript": "$OF_CORE_BUILD_COMMAND\n",
			"showEnvVarsInLog": "0"
		},
		"E4A5B60F29BAAAE400C2D356": {
			"buildActionMask": "2147483647",
			"dstPath": "",
			"dstSubfolderSpec": "6",
			"files": [],
			"isa": "PBXCopyFilesBuildPhase",
			"runOnlyForDeploymentPostprocessing": "0"
		},
		"E4B69B4A0A3A1720003C02F2": {
			"children": [
				"191CD6FA2847E21E0085CBB6",
				"E4B6FCAD0C3E899E008CF71C",
				"E4EB6923138AFD0F00A09F29",
				"E4B69E1C0A3A1BDC003C02F2",
				"191EF70929D778A400F35F26",
				"BB4B014C10F69532006C3DED",
				"E4B69B5B0A3A1756003C02F2",
				"28E98B34-D45E-4F85-92D4-4C4D3969B4D5"
			],
			"isa": "PBXGroup",
			"sourceTree": "<group>"
		},
		"E4B69B4C0A3A1720003C02F2": {
			"attributes": {
				"BuildIndependentTargetsInParallel": "YES",
				"LastUpgradeCheck": "1540"
			},
			"buildConfigurationList": "E4B69B4D0A3A1720003C02F2",
			"compatibilityVersion": "Xcode 3.2",
			"developmentRegion": "en",
			"hasScannedForEncodings": "0",
			"isa": "PBXProject",
			"knownRegions": [
				"en",
				"Base"
			],
			"mainGroup": "E4B69B4A0A3A1720003C02F2",
			"productRefGroup": "E4B69B4A0A3A1720003C02F2",
			"projectDirPath": "",
			"projectRoot": "",
			"targets": [
				"E4B69B5A0A3A1756003C02F2"
			]
		},
		"E4B69B4D0A3A1720003C02F2": {
			"buildConfigurations": [
				"E4B69B4E0A3A1720003C02F2",
				"E4B69B4F0A3A1720003C02F2"
			],
			"defaultConfigurationIsVisible": "0",
			"defaultConfigurationName": "Release",
			"isa": "XCConfigurationList"
		},
		"E4B69B4E0A3A1720003C02F2": {
			"baseConfigurationReference": "E4EB6923138AFD0F00A09F29",
			"buildSettings": {
				"CODE_SIGN_ENTITLEMENTS": "of.entitlements",
				"COPY_PHASE_STRIP": "NO",
				"ENABLE_TESTABILITY": "YES",
				"GCC_OPTIMIZATION_LEVEL": "0",
				"GCC_WARN_UNUSED_VARIABLE": "NO",
				"HEADER_SEARCH_PATHS": [
					"$(OF_CORE_HEADERS)",
					"src"
				],
				"OTHER_CPLUSPLUSFLAGS": "-D__MACOSX_CORE__"
			},
			"isa": "XCBuildConfiguration",
			"name": "Debug"
		},
		"E4B69B4F0A3A1720003C02F2": {
			"baseConfigurationReference": "E4EB6923138AFD0F00A09F29",
			"buildSettings": {
				"CODE_SIGN_ENTITLEMENTS": "of.entitlements",
				"COPY_PHASE_STRIP": "YES",
				"GCC_OPTIMIZATION_LEVEL": "3",
				"GCC_UNROLL_LOOPS": "YES",
				"HEADER_SEARCH_PATHS": [
					"$(OF_CORE_HEADERS)",
					"src"
				],
				"OTHER_CPLUSPLUSFLAGS": "-D__MACOSX_CORE__"
			},
			"isa": "XCBuildConfiguration",
			"name": "Release"
		},
		"E4B69B580A3A1756003C02F2": {
			"buildActionMask": "2147483647",
			"files": [
				"E4B69E200A3A1BDC003C02F2",
				"E4B69E210A3A1BDC003C02F2",
				"0C86AB11-FA28-4876-B4C6-75E08BA4D2B1",
				"F2549289-2025-4B8C-8AE5-D8727D3DD961",
				"BFD8300C-38DC-4377-ADA7-898A5C9F8A6D",
				"6EDFC005-F5D6-45FD-91DA-35D9B5B8519D",
				"DCEA4DD3-0268-4132-B611-A0F11851E690",
				"FB9B0BE7-9CDF-48D0-A651-FBBF9F370B7E",
				"94D9928D-2C32-46B2-84FB-22AA05C7E1BF",
				"ABBAD662-BCAE-4CFC-AD1B-668464771CFD",
				"502F821A-FF38-40CD-906C-88E3F06E3690",
				"3AB6CAE7-FB30-4590-A1FC-EC140187593E",
				"6E05C4F0-3E06-424D-99DA-0554D2260C41",
				"0CB4C1F0-C89A-47E3-97B2-F9AD032F2C1D",
				"22371CB4-5101-4362-880C-1E2AC7F0DC13",
				"E755115D-CDDC-49A6-91A7-553B6D99510B",
				"91010828-2C84-4D1C-9919-E303CEFF957F"
			],
			"isa": "PBXSourcesBuildPhase",
			"runOnlyForDeploymentPostprocessing": "0"
		},
		"E4B69B590A3A1756003C02F2": {
			"buildActionMask": "2147483647",
			"files": [],
			"isa": "PBXFrameworksBuildPhase",
			"runOnlyForDeploymentPostprocessing": "0"
		},
		"E4B69B5A0A3A1756003C02F2": {
			"buildConfigurationList": "E4B69B5F0A3A1757003C02F2",
			"buildPhases": [
				"E42962A92163ECCD00A6A9E2",
				"E4B69B580A3A1756003C02F2",
				"E4B69B590A3A1756003C02F2",
				"E4C2427710CC5ABF004149E2",
				"E4A5B60F29BAAAE400C2D356",
				"19B789C429E5AB4A0082E9B8"
			],
			"buildRules": [],
			"dependencies": [],
			"isa": "PBXNativeTarget",
			"name": "example_VideoMotionIntoFluid",
			"productName": "myOFApp",
			"productReference": "E4B69B5B0A3A1756003C02F2",
			"productType": "com.apple.product-type.application"
		},
		"E4B69B5B0A3A1756003C02F2": {
			"explicitFileType": "wrapper.application",
			"includeInIndex": "0",
			"isa": "PBXFileReference",
			"path": "example_VideoMotionIntoFluidDebug.app",
			"sourceTree": "BUILT_PRODUCTS_DIR"
		},
		"E4B69B5F0A3A1757003C02F2": {
			"buildConfigurations": [
				"E4B69B600A3A1757003C02F2",
				"E4B69B610A3A1757003C02F2"
			],
			"defaultConfigurationIsVisible": "0",
			"defaultConfigurationName": "Release",
			"isa": "XCConfigurationList"
		},
		"E4B69B600A3A1757003C02F2": {
			"baseConfigurationReference": "E4EB6923138AFD0F00A09F29",
			"buildSettings": {
				"ARCHS": "$(ARCHS_STANDARD)",
				"COPY_PHASE_STRIP": "NO",
				"FRAMEWORK_SEARCH_PATHS": "$(inherited)",
				"GCC_DYNAMIC_NO_PIC": "NO",
				"HEADER_SEARCH_PATHS": [
					"$(OF_CORE_HEADERS)",
					"src",
					"src",
					"../../ofxGui/src",
					"../../ofxRenderer/src",
					"../../ofxRenderer/src/effects",
					"../../ofxRenderer/src/fluid",
					"../../ofxRenderer/src/shaders",
					"../src"
				],
				"LIBRARY_SEARCH_PATHS": "$(inherited)",
				"OTHER_LDFLAGS": [
					"$(OF_CORE_LIBS)",
					"$(OF_CORE_FRAMEWORKS)",
					"$(LIB_OF_DEBUG)"
				]
			},
			"isa": "XCBuildConfiguration",
			"name": "Debug"
		},
		"E4B69B610A3A1757003C02F2": {
			"baseConfigurationReference": "E4EB6923138AFD0F00A09F29",
			"buildSettings": {
				"ARCHS": "$(ARCHS_STANDARD)",
				"COPY_PHASE_STRIP": "YES",
				"FRAMEWORK_SEARCH_PATHS": "$(inherited)",
				"HEADER_SEARCH_PATHS": [
					"$(OF_CORE_HEADERS)",
					"src",
					"src",
					"../../ofxGui/src",
					"../../ofxRenderer/src",
					"../../ofxRenderer/src/effects",
					"../../ofxRenderer/src/fluid",
					"../../ofxRenderer/src/shaders",
					"../src"
				],
				"LIBRARY_SEARCH_PATHS": "$(inherited)",
				"OTHER_LDFLAGS": [
					"$(OF_CORE_LIBS)",
					"$(OF_CORE_FRAMEWORKS)",
					"$(LIB_OF_RELEASE)"
				],
				"baseConfigurationReference": "E4EB6923138AFD0F00A09F29"
			},
			"isa": "XCBuildConfiguration",
			"name": "Release"
		},
		"E4B69E1C0A3A1BDC003C02F2": {
			"children": [
				"E4B69E1D0A3A1BDC003C02F2",
				"E4B69E1E0A3A1BDC003C02F2",
				"E4B69E1F0A3A1BDC003C02F2"
			],
			"isa": "PBXGroup",
			"path": "src",
			"sourceTree": "SOURCE_ROOT"
		},
		"E4B69E1D0A3A1BDC003C02F2": {
			"fileEncoding": "4",
			"isa": "PBXFileReference",
			"lastKnownFileType": "sourcecode.cpp.cpp",
			"name": "main.cpp",
			"path": "src/main.cpp",
			"sourceTree": "SOURCE_ROOT"
		},
		"E4B69E1E0A3A1BDC003C02F2": {
			"explicitFileType": "sourcecode.cpp.cpp",
			"fileEncoding": "4",
			"isa": "PBXFileReference",
			"name": "ofApp.cpp",
			"path": "src/ofApp.cpp",
			"sourceTree": "SOURCE_ROOT"
		},
		"E4B69E1F0A3A1BDC003C02F2": {
			"fileEncoding": "4",
			"isa": "PBXFileReference",
			"lastKnownFileType": "sourcecode.c.h",
			"name": "ofApp.h",
			"path": "src/ofApp.h",
			"sourceTree": "SOURCE_ROOT"
		},
		"E4B69E200A3A1BDC003C02F2": {
			"fileRef": "E4B69E1D0A3A1BDC003C02F2",
			"isa": "PBXBuildFile"
		},
		"E4B69E210A3A1BDC003C02F2": {
			"fileRef": "E4B69E1E0A3A1BDC003C02F2",
			"isa": "PBXBuildFile"
		},
		"E4B6FCAD0C3E899E008CF71C": {
			"fileEncoding": "4",
			"isa": "PBXFileReference",
			"lastKnownFileType": "text.plist.xml",
			"path": "openFrameworks-Info.plist",
			"sourceTree": "<group>"
		},
		"E4C2427710CC5ABF004149E2": {
			"buildActionMask": "2147483647",
			"dstPath": "",
			"dstSubfolderSpec": "10",
			"files": [],
			"isa": "PBXCopyFilesBuildPhase",
			"runOnlyForDeploymentPostprocessing": "0"
		},
		"E4EB6923138AFD0F00A09F29": {
			"fileEncoding": "4",
			"isa": "PBXFileReference",
			"lastKnownFileType": "text.xcconfig",
			"path": "Project.xcconfig",
			"sourceTree": "<group>"
		},
		"E755115D-CDDC-49A6-91A7-553B6D99510B": {
			"fileRef": "8B20D207-EA94-4F4E-9F94-17B4BF573447",
			"isa": "PBXBuildFile"
		},
		"E8AC7C2D-B810-4416-BF0B-76D5A442106E": {
			"fileEncoding": "4",
			"isa": "PBXFileReference",
			"lastKnownFileType": "sourcecode.cpp.h",
			"name": "ofxBaseGui.h",
			"sourceTree": "<group>"
		},
		"E97C96D4-717A-42F3-87DD-34A5509A1F8C": {
			"fileEncoding": "4",
			"isa": "PBXFileReference",
			"lastKnownFileType": "sourcecode.cpp.h",
			"name": "ofxSlider.h",
			"sourceTree": "<group>"
		},
		"EBD7D355-30B7-449F-9828-37F5DF9F8AA3": {
			"fileEncoding": "4",
			"isa": "PBXFileReference",
			"lastKnownFileType": "sourcecode.cpp.h",
			"name": "CameraFrameSource.hpp",
			"sourceTree": "<group>"
		},
		"ECE1F0C0-8629-4F25-A57E-602B6C0550C5": {
			"fileEncoding": "4",
			"isa": "PBXFileReference",
			"lastKnownFileType": "sourcecode.cpp.h",
			"name": "VelocityBoundaryShader.h",
			"sourceTree": "<group>"
		},
		"EF6204E6-14E6-4E6B-A2AD-DCC60BEC6FA8": {
			"fileEncoding": "4",
			"isa": "PBXFileReference",
			"lastKnownFileType": "sourcecode.cpp.h",
			"name": "PingPongRenderer.h",
			"sourceTree": "<group>"
		},
		"F19AD21A-A054-4F7F-B099-7814FDF66D4D": {
			"fileEncoding": "4",
			"isa": "PBXFileReference",
			"lastKnownFileType": "sourcecode.cpp.h",
			"name": "AddRadialImpulseShader.h",
			"sourceTree": "<group>"
		},
		"F2549289-2025-4B8C-8AE5-D8727D3DD961": {
			"fileRef": "3C4CD365-7425-4EE7-8D82-6621AC699FBD",
			"isa": "PBXBuildFile"
		},
		"F2F605C7-84E2-4242-BE22-395EE3C61FC1": {
			"children": [
				"70624017-B646-490B-A4CB-70428B3F8775",
				"C3C7E136-4295-4A7A-AD5C-EDFA153F1EB7",
				"37CE473B-3961-43CE-9DEA-805915C3BD03",
				"EF6204E6-14E6-4E6B-A2AD-DCC60BEC6FA8",
				"A0F150D9-520A-4852-B698-C188D2CBB3E8",
				"16033050-1891-432B-B627-3F7FFA319E7C",
				"4F184C8C-4006-40CB-806C-CD8F8FDACEA3",
				"8C4B55B2-A7A9-4314-8862-892489A4793C",
				"A058FF9B-FDC2-471F-BB2F-7DC2BCF7A50C",
				"1DE844E3-AEDC-4CF1-9FA0-8B7003850542"
			],
			"isa": "PBXGroup",
			"name": "src",
			"path": "src",
			"sourceTree": "<group>"
		},
		"FB0C3697-31F8-4308-9213-D445739324A5": {
			"children": [
				"F2F605C7-84E2-4242-BE22-395EE3C61FC1"
			],
			"isa": "PBXGroup",
			"name": "ofxRenderer",
			"path": "ofxRenderer",
			"sourceTree": "<group>"
		},
		"FB9B0BE7-9CDF-48D0-A651-FBBF9F370B7E": {
			"fileRef": "9018F45D-330E-4E53-9831-B14CCFE83362",
			"isa": "PBXBuildFile"
		}
	},
	"rootObject": "E4B69B4C0A3A1720003C02F2"
}