{
	"_OFProjectGeneratorVersion": "0.103.0",
	"archiveVersion": "1",
	"classes": {},
	"objectVersion": "54",
	"objects": {
		"03421063-00B9-4AD3-AB97-DB7465231017": {
			"fileRef": "F26ED88B-BE20-4C9B-ADBB-349CDF97ED48",
			"isa": "PBXBuildFile"
		},
		"06366D9B-ACCD-4896-8E0C-8F3E4F1D823B": {
			"children": [
				"587236A8-85CF-43DA-BFC5-69F63F1ECE22",
				"F9561256-5FDC-49BC-B8B4-4C3676EFBC27"
			],
			"isa": "PBXGroup",
			"name": "src",
			"path": "src",
			"sourceTree": "<group>"
		},
		"07A223BC-36A9-4C6C-82C0-63030544F8C0": {
			"fileEncoding": "4",
			"isa": "PBXFileReference",
			"lastKnownFileType": "sourcecode.cpp.h",
			"name": "GaussianYBlurShader.h",
			"sourceTree": "<group>"
		},
		"0879858D-923A-468F-93CA-3E104ED55066": {
			"fileEncoding": "4",
			"isa": "PBXFileReference",
			"lastKnownFileType": "sourcecode.cpp.h",
			"name": "PingPongRenderer.h",
			"sourceTree": "<group>"
		},
		"0BE6B47B-4FE4-4C60-89F5-99EE26AE2505": {
			"fileRef": "DA998DD3-EDA8-4205-8713-D664F9226754",
			"isa": "PBXBuildFile"
		},
		"141711DA-22C6-4955-AD4C-972CAC85A38A": {
			"fileEncoding": "4",
			"isa": "PBXFileReference",
			"lastKnownFileType": "sourcecode.cpp.cpp",
			"name": "ofxToggle.cpp",
			"sourceTree": "<group>"
		},
		"147FDB03-B4DD-4F79-8169-78385FC4280C": {
			"fileRef": "895F3566-CF97-436B-A01A-8C6EEF125B6B",
			"isa": "PBXBuildFile"
		},
		"171C65A7-3C3C-4A33-B3D8-5FE53F12B3F7": {
			"fileEncoding": "4",
			"isa": "PBXFileReference",
			"lastKnownFileType": "sourcecode.cpp.h",
			"name": "PingPongFbo.h",
			"sourceTree": "<group>"
		},
		"174B13D2-6F86-474F-8434-AFB7CC66C333": {
			"children": [
				"171C65A7-3C3C-4A33-B3D8-5FE53F12B3F7",
				"0879858D-923A-468F-93CA-3E104ED55066",
				"9552C6DD-8405-49D0-A5E1-69C9A5270933",
				"C47CA8A3-5B02-4FB6-9A23-5E8FF9A480B4",
				"8C7ABD97-CC0D-47D2-B6C8-0ED910E3DDFC",
				"81A41ACE-DCF4-4412-B48B-B7A82C727F46"
			],
			"isa": "PBXGroup",
			"name": "src",
			"path": "src",
			"sourceTree": "<group>"
		},
		"191CD6FA2847E21E0085CBB6": {
			"fileEncoding": "4",
			"isa": "PBXFileReference",
			"lastKnownFileType": "text.plist.entitlements",
			"path": "of.entitlements",
			"sourceTree": "<group>"
		},
		"191EF70929D778A400F35F26": {
			"isa": "PBXFileReference",
			"lastKnownFileType": "folder",
			"name": "openFrameworks",
			"path": "../../../libs/openFrameworks",
			"sourceTree": "SOURCE_ROOT"
		},
		"19B789C429E5AB4A0082E9B8": {
			"alwaysOutOfDate": "1",
			"buildActionMask": "2147483647",
			"files": [],
			"inputFileListPaths": [],
			"inputPaths": [],
			"isa": "PBXShellScriptBuildPhase",
			"outputFileListPaths": [],
			"outputPaths": [],
			"runOnlyForDeploymentPostprocessing": "0",
			"shellPath": "/bin/sh",
			"shellScript": "\"$OF_PATH/scripts/osx/xcode_project.sh\"\n",
			"showEnvVarsInLog": "0"
		},
		"1CAFD58B-209B-417E-877B-58981E4A2E7A": {
			"fileEncoding": "4",
			"isa": "PBXFileReference",
			"lastKnownFileType": "sourcecode.cpp.h",
			"name": "TranslateShader.h",
			"sourceTree": "<group>"
		},
		"1E56CE1C-3655-4398-B4CD-EA7F9C8E3E73": {
			"fileEncoding": "4",
			"isa": "PBXFileReference",
			"lastKnownFileType": "sourcecode.cpp.h",
			"name": "ofxBaseGui.h",
			"sourceTree": "<group>"
		},
		"1FA8BC0E-DC46-42A1-BA6F-AB8EA5B53210": {
			"fileEncoding": "4",
			"isa": "PBXFileReference",
			"lastKnownFileType": "sourcecode.cpp.h",
			"name": "AdvectShader.h",
			"sourceTree": "<group>"
		},
		"20202981-87EF-43EF-8274-B8C8D58341C2": {
			"fileEncoding": "4",
			"isa": "PBXFileReference",
			"lastKnownFileType": "sourcecode.cpp.h",
			"name": "MaskShader.h",
			"sourceTree": "<group>"
		},
		"2577A31B-0EB3-4405-84E8-051AD62CD9B9": {
			"fileEncoding": "4",
			"isa": "PBXFileReference",
			"lastKnownFileType": "sourcecode.cpp.h",
			"name": "AddSegmentImpulseShader.h",
			"sourceTree": "<group>"
		},
		"2A0355CE-D608-4516-BEAD-FE53454FA20A": {
			"fileEncoding": "4",
			"isa": "PBXFileReference",
			"lastKnownFileType": "sourcecode.cpp.h",
			"name": "LogisticFnShader.h",
			"sourceTree": "<group>"
		},
		"387C5EFD-C61E-4A9C-B4AB-90C0B63116FE": {
			"fileEncoding": "4",
			"isa": "PBXFileReference",
			"lastKnownFileType": "sourcecode.cpp.h",
			"name": "AddRadialImpulseShader.h",
			"sourceTree": "<group>"
		},
		"412EA661-C29A-402F-AD8C-98B4422054D4": {
			"fileEncoding": "4",
			"isa": "PBXFileReference",
			"lastKnownFileType": "sourcecode.cpp.h",
			"name": "OpticalFlowShader.h",
			"sourceTree": "<group>"
		},
		"4798DAE6-19CD-464C-B5D8-F2B89A7EC90C": {
			"fileRef": "141711DA-22C6-4955-AD4C-972CAC85A38A",
			"isa": "PBXBuildFile"
		},
		"485B5746-7EE2-4251-9BA5-AE2EFD17C446": {
			"fileEncoding": "4",
			"isa": "PBXFileReference",
			"lastKnownFileType": "sourcecode.cpp.h",
			"name": "JacobiShader.h",
			"sourceTree": "<group>"
		},
		"492FD706-BD07-4081-AEE5-37F5FD1DD13B": {
			"fileEncoding": "4",
			"isa": "PBXFileReference",
			"lastKnownFileType": "sourcecode.cpp.h",
			"name": "GaussianXBlurShader.h",
			"sourceTree": "<group>"
		},
		"4AD665B5-2C21-407A-A6E5-1EA2BA167F75": {
			"fileEncoding": "4",
			"isa": "PBXFileReference",
			"lastKnownFileType": "sourcecode.cpp.h",
			"name": "MultiplyColorShader.h",
			"sourceTree": "<group>"
		},
		"4C33C62D-7BBC-440E-B42D-17D6F58C1F8C": {
			"fileEncoding": "4",
			"isa": "PBXFileReference",
			"lastKnownFileType": "sourcecode.cpp.h",
			"name": "ApplyVorticityForceShader.h",
			"sourceTree": "<group>"
		},
		"52A4E7C3-A6EF-4C4C-BA77-462C5F8F9D2B": {
			"fileEncoding": "4",
			"isa": "PBXFileReference",
			"lastKnownFileType": "sourcecode.cpp.h",
			"name": "ofxSliderGroup.h",
			"sourceTree": "<group>"
		},
		"587236A8-85CF-43DA-BFC5-69F63F1ECE22": {
			"fileEncoding": "4",
			"isa": "PBXFileReference",
			"lastKnownFileType": "sourcecode.cpp.cpp",
			"name": "ofxMotionFromVideo.cpp",
			"sourceTree": "<group>"
		},
		"5BC753F2-CD1D-404E-AD51-EAE43284CEFA": {
			"fileEncoding": "4",
			"isa": "PBXFileReference",
			"lastKnownFileType": "sourcecode.cpp.h",
			"name": "ofxSlider.h",
			"sourceTree": "<group>"
		},
		"5E7EB22E-A8F0-415A-9846-8256C488D15F": {
			"fileEncoding": "4",
			"isa": "PBXFileReference",
			"lastKnownFileType": "sourcecode.cpp.cpp",
			"name": "ofxBaseGui.cpp",
			"sourceTree": "<group>"
		},
		"5EECD36C-ADCE-4A0F-8308-1456F318D99C": {
			"fileEncoding": "4",
			"isa": "PBXFileReference",
			"lastKnownFileType": "sourcecode.cpp.h",
			"name": "FluidSimulation.h",
			"sourceTree": "<group>"
		},
		"6A241019-2B5D-4FC4-A5F6-AE34CAEEE91D": {
			"fileEncoding": "4",
			"isa": "PBXFileReference",
			"lastKnownFileType": "sourcecode.cpp.h",
			"name": "DivergenceRenderer.h",
			"sourceTree": "<group>"
		},
		"72B370A6-A7A7-4183-B0F0-0C7ECBBBE811": {
			"fileEncoding": "4",
			"isa": "PBXFileReference",
			"lastKnownFileType": "sourcecode.cpp.cpp",
			"name": "ofxGuiGroup.cpp",
			"sourceTree": "<group>"
		},
		"73A73E5F-6E5C-41A3-9E87-BE84D093AA26": {
			"fileEncoding": "4",
			"isa": "PBXFileReference",
			"lastKnownFileType": "sourcecode.cpp.h",
			"name": "ofxGuiGroup.h",
			"sourceTree": "<group>"
		},
		"81A41ACE-DCF4-4412-B48B-B7A82C727F46": {
			"children": [
				"AE932B5F-4379-4431-AC2E-05FED30E395C",
				"492FD706-BD07-4081-AEE5-37F5FD1DD13B",
				"07A223BC-36A9-4C6C-82C0-63030544F8C0",
				"2A0355CE-D608-4516-BEAD-FE53454FA20A",
				"20202981-87EF-43EF-8274-B8C8D58341C2",
				"4AD665B5-2C21-407A-A6E5-1EA2BA167F75",
				"412EA661-C29A-402F-AD8C-98B4422054D4",
				"1CAFD58B-209B-417E-877B-58981E4A2E7A"
			],
			"isa": "PBXGroup",
			"name": "shaders",
			"path": "shaders",
			"sourceTree": "<group>"
		},
		"895F3566-CF97-436B-A01A-8C6EEF125B6B": {
			"fileEncoding": "4",
			"isa": "PBXFileReference",
			"lastKnownFileType": "sourcecode.cpp.cpp",
			"name": "ofxSliderGroup.cpp",
			"sourceTree": "<group>"
		},
		"8A4C2A1F-9905-4E2F-8E22-354ED06C905F": {
			"fileEncoding": "4",
			"isa": "PBXFileReference",
			"lastKnownFileType": "sourcecode.cpp.h",
			"name": "ofxButton.h",
			"sourceTree": "<group>"
		},
		"8BB946A6-A336-4BAB-B4EE-93D1A5772B57": {
			"fileEncoding": "4",
			"isa": "PBXFileReference",
			"lastKnownFileType": "sourcecode.cpp.h",
			"name": "SubtractDivergenceShader.h",
			"sourceTree": "<group>"
		},
		"8C7ABD97-CC0D-47D2-B6C8-0ED910E3DDFC": {
			"children": [
				"D9669D9D-7E67-4656-B700-B961145CDF37",
				"387C5EFD-C61E-4A9C-B4AB-90C0B63116FE",
				"2577A31B-0EB3-4405-84E8-051AD62CD9B9",
				"1FA8BC0E-DC46-42A1-BA6F-AB8EA5B53210",
				"C613662B-1FD2-4ADC-ADA7-D0C5B44A967D",
				"4C33C62D-7BBC-440E-B42D-17D6F58C1F8C",
				"6A241019-2B5D-4FC4-A5F6-AE34CAEEE91D",
				"5EECD36C-ADCE-4A0F-8308-1456F318D99C",
				"485B5746-7EE2-4251-9BA5-AE2EFD17C446",
				"8BB946A6-A336-4BAB-B4EE-93D1A5772B57",
				"E2EAFD22-D3D0-4064-AFB1-F6C9EC3361D0"
			],
			"isa": "PBXGroup",
			"name": "fluid",
			"path": "fluid",
			"sourceTree": "<group>"
		},
		"8ECDAA12-5AD1-4E90-AC61-80DEF773E4CB": {
			"fileEncoding": "4",
			"isa": "PBXFileReference",
			"lastKnownFileType": "folder",
			"name": "data",
			"path": "bin/data",
			"sourceTree": "SOURCE_ROOT"
		},
		"8FB93D5B-BC12-4573-864D-9A9F29E7658C": {
			"children": [
				"F4B6006A-C2F7-4F9E-B40A-BADAEE7C4D24"
			],
			"isa": "PBXGroup",
			"name": "ofxGui",
			"path": "ofxGui",
			"sourceTree": "<group>"
		},
		"92C8D248-F2FB-4E52-8686-193F964B8A83": {
			"fileEncoding": "4",
			"isa": "PBXFileReference",
			"lastKnownFileType": "sourcecode.cpp.h",
			"name": "ofxToggle.h",
			"sourceTree": "<group>"
		},
		"9521230F-45E9-4245-A4AE-88805E86F3C3": {
			"fileRef": "587236A8-85CF-43DA-BFC5-69F63F1ECE22",
			"isa": "PBXBuildFile"
		},
		"9552C6DD-8405-49D0-A5E1-69C9A5270933": {
			"fileEncoding": "4",
			"isa": "PBXFileReference",
			"lastKnownFileType": "sourcecode.cpp.h",
			"name": "Renderer.h",
			"sourceTree": "<group>"
		},
		"962C2D41-CE92-4508-8E82-B146AE49B308": {
			"children": [
				"174B13D2-6F86-474F-8434-AFB7CC66C333"
			],
			"isa": "PBXGroup",
			"name": "ofxRenderer",
			"path": "ofxRenderer",
			"sourceTree": "<group>"
		},
		"96D387D6-1797-4DD5-A631-BECBA133DEBD": {
			"fileRef": "72B370A6-A7A7-4183-B0F0-0C7ECBBBE811",
			"isa": "PBXBuildFile"
		},
		"9CA12968-BA42-412C-A109-433BCD370B72": {
			"fileEncoding": "4",
			"isa": "PBXFileReference",
			"lastKnownFileType": "sourcecode.cpp.cpp",
			"name": "ofxInputField.cpp",
			"sourceTree": "<group>"
		},
		"A36AFF7E-48DE-4AEA-BE65-9B1EA1CF33BE": {
			"fileEncoding": "4",
			"isa": "PBXFileReference",
			"lastKnownFileType": "sourcecode.cpp.h",
			"name": "ofxInputField.h",
			"sourceTree": "<group>"
		},
		"A84F7026-E6B9-4BE5-BF57-9C8F85DE6CCD": {
			"fileEncoding": "4",
			"isa": "PBXFileReference",
			"lastKnownFileType": "sourcecode.cpp.cpp",
			"name": "ofxLabel.cpp",
			"sourceTree": "<group>"
		},
		"A8CCF8ED-770E-4EAF-B4C5-A78752E88EF4": {
			"fileRef": "9CA12968-BA42-412C-A109-433BCD370B72",
			"isa": "PBXBuildFile"
		},
		"AE48D73F-2BF2-4E2E-A547-45A90FA6D475": {
			"children": [
				"06366D9B-ACCD-4896-8E0C-8F3E4F1D823B"
			],
			"isa": "PBXGroup",
			"name": "ofxMotionFromVideo",
			"path": "ofxMotionFromVideo",
			"sourceTree": "<group>"
		},
		"AE932B5F-4379-4431-AC2E-05FED30E395C": {
			"fileEncoding": "4",
			"isa": "PBXFileReference",
			"lastKnownFileType": "sourcecode.cpp.h",
			"name": "AddTextureShader.h",
			"sourceTree": "<group>"
		},
		"BA2E47A5-AB12-46F0-8665-DA831E6CD178": {
			"fileEncoding": "4",
			"isa": "PBXFileReference",
			"lastKnownFileType": "sourcecode.cpp.h",
			"name": "ofxColorPicker.h",
			"sourceTree": "<group>"
		},
		"BB4B014C10F69532006C3DED": {
			"children": [
				"8FB93D5B-BC12-4573-864D-9A9F29E7658C",
				"962C2D41-CE92-4508-8E82-B146AE49B308",
				"AE48D73F-2BF2-4E2E-A547-45A90FA6D475"
			],
			"isa": "PBXGroup",
			"name": "addons",
			"path": "../../../addons",
			"sourceTree": "SOURCE_ROOT"
		},
		"C47CA8A3-5B02-4FB6-9A23-5E8FF9A480B4": {
			"fileEncoding": "4",
			"isa": "PBXFileReference",
			"lastKnownFileType": "sourcecode.cpp.h",
			"name": "Shader.h",
			"sourceTree": "<group>"
		},
		"C613662B-1FD2-4ADC-ADA7-D0C5B44A967D": {
			"fileEncoding": "4",
			"isa": "PBXFileReference",
			"lastKnownFileType": "sourcecode.cpp.h",
			"name": "ApplyBouyancyShader.h",
			"sourceTree": "<group>"
		},
		"D2B9259B-2D3B-4892-84E7-8BD8F343788F": {
			"fileRef": "D77451B7-8757-43D3-8BEE-DC8268FD1281",
			"isa": "PBXBuildFile"
		},
		"D77451B7-8757-43D3-8BEE-DC8268FD1281": {
			"fileEncoding": "4",
			"isa": "PBXFileReference",
			"lastKnownFileType": "sourcecode.cpp.cpp",
			"name": "ofxPanel.cpp",
			"sourceTree": "<group>"
		},
		"D9669D9D-7E67-4656-B700-B961145CDF37": {
			"fileEncoding": "4",
			"isa": "PBXFileReference",
			"lastKnownFileType": "sourcecode.cpp.h",
			"name": "AddImpulseSpotShader.h",
			"sourceTree": "<group>"
		},
		"DA998DD3-EDA8-4205-8713-D664F9226754": {
			"fileEncoding": "4",
			"isa": "PBXFileReference",
			"lastKnownFileType": "sourcecode.cpp.cpp",
			"name": "ofxSlider.cpp",
			"sourceTree": "<group>"
		},
		"E2EAFD22-D3D0-4064-AFB1-F6C9EC3361D0": {
			"fileEncoding": "4",
			"isa": "PBXFileReference",
			"lastKnownFileType": "sourcecode.cpp.h",
			"name": "VorticityRenderer.h",
			"sourceTree": "<group>"
		},
		"E2F8FC61-4956-4AC8-9175-E4EA6724D254": {
			"fileRef": "A84F7026-E6B9-4BE5-BF57-9C8F85DE6CCD",
			"isa": "PBXBuildFile"
		},
		"E42962A92163ECCD00A6A9E2": {
			"alwaysOutOfDate": "1",
			"buildActionMask": "2147483647",
			"files": [],
			"inputPaths": [],
			"isa": "PBXShellScriptBuildPhase",
			"name": "Run Script — Compile OF",
			"outputPaths": [],
			"runOnlyForDeploymentPostprocessing": "0",
			"shellPath": "/bin/sh",
			"shellScript": "$OF_CORE_BUILD_COMMAND\n",
			"showEnvVarsInLog": "0"
		},
		"E4A5B60F29BAAAE400C2D356": {
			"buildActionMask": "2147483647",
			"dstPath": "",
			"dstSubfolderSpec": "6",
			"files": [],
			"isa": "PBXCopyFilesBuildPhase",
			"runOnlyForDeploymentPostprocessing": "0"
		},
		"E4B69B4A0A3A1720003C02F2": {
			"children": [
				"191CD6FA2847E21E0085CBB6",
				"E4B6FCAD0C3E899E008CF71C",
				"E4EB6923138AFD0F00A09F29",
				"E4B69E1C0A3A1BDC003C02F2",
				"191EF70929D778A400F35F26",
				"BB4B014C10F69532006C3DED",
				"E4B69B5B0A3A1756003C02F2",
				"8ECDAA12-5AD1-4E90-AC61-80DEF773E4CB"
			],
			"isa": "PBXGroup",
			"sourceTree": "<group>"
		},
		"E4B69B4C0A3A1720003C02F2": {
			"attributes": {
				"BuildIndependentTargetsInParallel": "YES",
				"LastUpgradeCheck": "1540"
			},
			"buildConfigurationList": "E4B69B4D0A3A1720003C02F2",
			"compatibilityVersion": "Xcode 3.2",
			"developmentRegion": "en",
			"hasScannedForEncodings": "0",
			"isa": "PBXProject",
			"knownRegions": [
				"en",
				"Base"
			],
			"mainGroup": "E4B69B4A0A3A1720003C02F2",
			"productRefGroup": "E4B69B4A0A3A1720003C02F2",
			"projectDirPath": "",
			"projectRoot": "",
			"targets": [
				"E4B69B5A0A3A1756003C02F2"
			]
		},
		"E4B69B4D0A3A1720003C02F2": {
			"buildConfigurations": [
				"E4B69B4E0A3A1720003C02F2",
				"E4B69B4F0A3A1720003C02F2"
			],
			"defaultConfigurationIsVisible": "0",
			"defaultConfigurationName": "Release",
			"isa": "XCConfigurationList"
		},
		"E4B69B4E0A3A1720003C02F2": {
			"baseConfigurationReference": "E4EB6923138AFD0F00A09F29",
			"buildSettings": {
				"CODE_SIGN_ENTITLEMENTS": "of.entitlements",
				"COPY_PHASE_STRIP": "NO",
				"ENABLE_TESTABILITY": "YES",
				"GCC_OPTIMIZATION_LEVEL": "0",
				"GCC_WARN_UNUSED_VARIABLE": "NO",
				"HEADER_SEARCH_PATHS": [
					"$(OF_CORE_HEADERS)",
					"src"
				],
				"OTHER_CPLUSPLUSFLAGS": "-D__MACOSX_CORE__"
			},
			"isa": "XCBuildConfiguration",
			"name": "Debug"
		},
		"E4B69B4F0A3A1720003C02F2": {
			"baseConfigurationReference": "E4EB6923138AFD0F00A09F29",
			"buildSettings": {
				"CODE_SIGN_ENTITLEMENTS": "of.entitlements",
				"COPY_PHASE_STRIP": "YES",
				"GCC_OPTIMIZATION_LEVEL": "3",
				"GCC_UNROLL_LOOPS": "YES",
				"HEADER_SEARCH_PATHS": [
					"$(OF_CORE_HEADERS)",
					"src"
				],
				"OTHER_CPLUSPLUSFLAGS": "-D__MACOSX_CORE__"
			},
			"isa": "XCBuildConfiguration",
			"name": "Release"
		},
		"E4B69B580A3A1756003C02F2": {
			"buildActionMask": "2147483647",
			"files": [
				"E4B69E200A3A1BDC003C02F2",
				"E4B69E210A3A1BDC003C02F2",
				"FB3F892C-F882-46C3-B9EB-3F872FC4B51A",
				"03421063-00B9-4AD3-AB97-DB7465231017",
				"EAF6A0B2-463D-422E-BB51-BFAB58F6AB7B",
				"96D387D6-1797-4DD5-A631-BECBA133DEBD",
				"A8CCF8ED-770E-4EAF-B4C5-A78752E88EF4",
				"E2F8FC61-4956-4AC8-9175-E4EA6724D254",
				"D2B9259B-2D3B-4892-84E7-8BD8F343788F",
				"0BE6B47B-4FE4-4C60-89F5-99EE26AE2505",
				"147FDB03-B4DD-4F79-8169-78385FC4280C",
				"4798DAE6-19CD-464C-B5D8-F2B89A7EC90C",
				"9521230F-45E9-4245-A4AE-88805E86F3C3"
			],
			"isa": "PBXSourcesBuildPhase",
			"runOnlyForDeploymentPostprocessing": "0"
		},
		"E4B69B590A3A1756003C02F2": {
			"buildActionMask": "2147483647",
			"files": [],
			"isa": "PBXFrameworksBuildPhase",
			"runOnlyForDeploymentPostprocessing": "0"
		},
		"E4B69B5A0A3A1756003C02F2": {
			"buildConfigurationList": "E4B69B5F0A3A1757003C02F2",
			"buildPhases": [
				"E42962A92163ECCD00A6A9E2",
				"E4B69B580A3A1756003C02F2",
				"E4B69B590A3A1756003C02F2",
				"E4C2427710CC5ABF004149E2",
				"E4A5B60F29BAAAE400C2D356",
				"19B789C429E5AB4A0082E9B8"
			],
			"buildRules": [],
			"dependencies": [],
			"isa": "PBXNativeTarget",
			"name": "example_VideoMotionIntoFluid",
			"productName": "myOFApp",
			"productReference": "E4B69B5B0A3A1756003C02F2",
			"productType": "com.apple.product-type.application"
		},
		"E4B69B5B0A3A1756003C02F2": {
			"explicitFileType": "wrapper.application",
			"includeInIndex": "0",
			"isa": "PBXFileReference",
			"path": "example_VideoMotionIntoFluidDebug.app",
			"sourceTree": "BUILT_PRODUCTS_DIR"
		},
		"E4B69B5F0A3A1757003C02F2": {
			"buildConfigurations": [
				"E4B69B600A3A1757003C02F2",
				"E4B69B610A3A1757003C02F2"
			],
			"defaultConfigurationIsVisible": "0",
			"defaultConfigurationName": "Release",
			"isa": "XCConfigurationList"
		},
		"E4B69B600A3A1757003C02F2": {
			"baseConfigurationReference": "E4EB6923138AFD0F00A09F29",
			"buildSettings": {
				"ARCHS": "$(ARCHS_STANDARD)",
				"COPY_PHASE_STRIP": "NO",
				"FRAMEWORK_SEARCH_PATHS": "$(inherited)",
				"GCC_DYNAMIC_NO_PIC": "NO",
				"HEADER_SEARCH_PATHS": [
					"$(OF_CORE_HEADERS)",
					"src",
					"src",
					"../../ofxGui/src",
					"../../ofxRenderer/src",
					"../../ofxRenderer/src/fluid",
					"../../ofxRenderer/src/shaders",
					"../src"
				],
				"LIBRARY_SEARCH_PATHS": "$(inherited)",
				"OTHER_LDFLAGS": [
					"$(OF_CORE_LIBS)",
					"$(OF_CORE_FRAMEWORKS)",
					"$(LIB_OF_DEBUG)"
				]
			},
			"isa": "XCBuildConfiguration",
			"name": "Debug"
		},
		"E4B69B610A3A1757003C02F2": {
			"baseConfigurationReference": "E4EB6923138AFD0F00A09F29",
			"buildSettings": {
				"ARCHS": "$(ARCHS_STANDARD)",
				"COPY_PHASE_STRIP": "YES",
				"FRAMEWORK_SEARCH_PATHS": "$(inherited)",
				"HEADER_SEARCH_PATHS": [
					"$(OF_CORE_HEADERS)",
					"src",
					"src",
					"../../ofxGui/src",
					"../../ofxRenderer/src",
					"../../ofxRenderer/src/fluid",
					"../../ofxRenderer/src/shaders",
					"../src"
				],
				"LIBRARY_SEARCH_PATHS": "$(inherited)",
				"OTHER_LDFLAGS": [
					"$(OF_CORE_LIBS)",
					"$(OF_CORE_FRAMEWORKS)",
					"$(LIB_OF_RELEASE)"
				],
				"baseConfigurationReference": "E4EB6923138AFD0F00A09F29"
			},
			"isa": "XCBuildConfiguration",
			"name": "Release"
		},
		"E4B69E1C0A3A1BDC003C02F2": {
			"children": [
				"E4B69E1D0A3A1BDC003C02F2",
				"E4B69E1E0A3A1BDC003C02F2",
				"E4B69E1F0A3A1BDC003C02F2"
			],
			"isa": "PBXGroup",
			"path": "src",
			"sourceTree": "SOURCE_ROOT"
		},
		"E4B69E1D0A3A1BDC003C02F2": {
			"fileEncoding": "4",
			"isa": "PBXFileReference",
			"lastKnownFileType": "sourcecode.cpp.cpp",
			"name": "main.cpp",
			"path": "src/main.cpp",
			"sourceTree": "SOURCE_ROOT"
		},
		"E4B69E1E0A3A1BDC003C02F2": {
			"explicitFileType": "sourcecode.cpp.cpp",
			"fileEncoding": "4",
			"isa": "PBXFileReference",
			"name": "ofApp.cpp",
			"path": "src/ofApp.cpp",
			"sourceTree": "SOURCE_ROOT"
		},
		"E4B69E1F0A3A1BDC003C02F2": {
			"fileEncoding": "4",
			"isa": "PBXFileReference",
			"lastKnownFileType": "sourcecode.c.h",
			"name": "ofApp.h",
			"path": "src/ofApp.h",
			"sourceTree": "SOURCE_ROOT"
		},
		"E4B69E200A3A1BDC003C02F2": {
			"fileRef": "E4B69E1D0A3A1BDC003C02F2",
			"isa": "PBXBuildFile"
		},
		"E4B69E210A3A1BDC003C02F2": {
			"fileRef": "E4B69E1E0A3A1BDC003C02F2",
			"isa": "PBXBuildFile"
		},
		"E4B6FCAD0C3E899E008CF71C": {
			"fileEncoding": "4",
			"isa": "PBXFileReference",
			"lastKnownFileType": "text.plist.xml",
			"path": "openFrameworks-Info.plist",
			"sourceTree": "<group>"
		},
		"E4C2427710CC5ABF004149E2": {
			"buildActionMask": "2147483647",
			"dstPath": "",
			"dstSubfolderSpec": "10",
			"files": [],
			"isa": "PBXCopyFilesBuildPhase",
			"runOnlyForDeploymentPostprocessing": "0"
		},
		"E4EB6923138AFD0F00A09F29": {
			"fileEncoding": "4",
			"isa": "PBXFileReference",
			"lastKnownFileType": "text.xcconfig",
			"path": "Project.xcconfig",
			"sourceTree": "<group>"
		},
		"E66C2E8B-5CEB-4BCC-AB25-3EE1CBA6EBF2": {
			"fileEncoding": "4",
			"isa": "PBXFileReference",
			"lastKnownFileType": "sourcecode.cpp.h",
			"name": "ofxGui.h",
			"sourceTree": "<group>"
		},
		"EAF6A0B2-463D-422E-BB51-BFAB58F6AB7B": {
			"fileRef": "F49E7816-533B-40DA-9533-44987B731E94",
			"isa": "PBXBuildFile"
		},
		"EE7579F5-FD78-43F2-986F-F1443D3D6D37": {
			"fileEncoding": "4",
			"isa": "PBXFileReference",
			"lastKnownFileType": "sourcecode.cpp.h",
			"name": "ofxPanel.h",
			"sourceTree": "<group>"
		},
		"F26ED88B-BE20-4C9B-ADBB-349CDF97ED48": {
			"fileEncoding": "4",
			"isa": "PBXFileReference",
			"lastKnownFileType": "sourcecode.cpp.cpp",
			"name": "ofxButton.cpp",
			"sourceTree": "<group>"
		},
		"F49E7816-533B-40DA-9533-44987B731E94": {
			"fileEncoding": "4",
			"isa": "PBXFileReference",
			"lastKnownFileType": "sourcecode.cpp.cpp",
			"name": "ofxColorPicker.cpp",
			"sourceTree": "<group>"
		},
		"F4B6006A-C2F7-4F9E-B40A-BADAEE7C4D24": {
			"children": [
				"5E7EB22E-A8F0-415A-9846-8256C488D15F",
				"1E56CE1C-3655-4398-B4CD-EA7F9C8E3E73",
				"F26ED88B-BE20-4C9B-ADBB-349CDF97ED48",
				"8A4C2A1F-9905-4E2F-8E22-354ED06C905F",
				"F49E7816-533B-40DA-9533-44987B731E94",
				"BA2E47A5-AB12-46F0-8665-DA831E6CD178",
				"E66C2E8B-5CEB-4BCC-AB25-3EE1CBA6EBF2",
				"72B370A6-A7A7-4183-B0F0-0C7ECBBBE811",
				"73A73E5F-6E5C-41A3-9E87-BE84D093AA26",
				"F5DCA417-7C46-4BD4-BB88-3A51C004E045",
				"9CA12968-BA42-412C-A109-433BCD370B72",
				"A36AFF7E-48DE-4AEA-BE65-9B1EA1CF33BE",
				"A84F7026-E6B9-4BE5-BF57-9C8F85DE6CCD",
				"FBC09477-A8A2-41BD-A0C7-06D8FE541713",
				"D77451B7-8757-43D3-8BEE-DC8268FD1281",
				"EE7579F5-FD78-43F2-986F-F1443D3D6D37",
				"DA998DD3-EDA8-4205-8713-D664F9226754",
				"5BC753F2-CD1D-404E-AD51-EAE43284CEFA",
				"895F3566-CF97-436B-A01A-8C6EEF125B6B",
				"52A4E7C3-A6EF-4C4C-BA77-462C5F8F9D2B",
				"141711DA-22C6-4955-AD4C-972CAC85A38A",
				"92C8D248-F2FB-4E52-8686-193F964B8A83"
			],
			"isa": "PBXGroup",
			"name": "src",
			"path": "src",
			"sourceTree": "<group>"
		},
		"F5DCA417-7C46-4BD4-BB88-3A51C004E045": {
			"fileEncoding": "4",
			"isa": "PBXFileReference",
			"lastKnownFileType": "sourcecode.cpp.h",
			"name": "ofxGuiUtils.h",
			"sourceTree": "<group>"
		},
		"F9561256-5FDC-49BC-B8B4-4C3676EFBC27": {
			"fileEncoding": "4",
			"isa": "PBXFileReference",
			"lastKnownFileType": "sourcecode.cpp.h",
			"name": "ofxMotionFromVideo.h",
			"sourceTree": "<group>"
		},
		"FB3F892C-F882-46C3-B9EB-3F872FC4B51A": {
			"fileRef": "5E7EB22E-A8F0-415A-9846-8256C488D15F",
			"isa": "PBXBuildFile"
		},
		"FBC09477-A8A2-41BD-A0C7-06D8FE541713": {
			"fileEncoding": "4",
			"isa": "PBXFileReference",
			"lastKnownFileType": "sourcecode.cpp.h",
			"name": "ofxLabel.h",
			"sourceTree": "<group>"
		}
	},
	"rootObject": "E4B69B4C0A3A1720003C02F2"
}