{
	"_OFProjectGeneratorVersion": "0.103.0",
	"archiveVersion": "1",
	"classes": {},
	"objectVersion": "54",
	"objects": {
		"004C0023-821D-441D-B0EF-80F2AF206CFC": {
			"fileEncoding": "4",
			"isa": "PBXFileReference",
			"lastKnownFileType": "sourcecode.cpp.cpp",
			"name": "ofxButton.cpp",
			"sourceTree": "<group>"
		},
		"02935E1A-8EDF-4FDA-B074-8D8397C858D9": {
			"fileEncoding": "4",
			"isa": "PBXFileReference",
			"lastKnownFileType": "sourcecode.cpp.h",
			"name": "ofxPanel.h",
			"sourceTree": "<group>"
		},
		"0A45BD36-D9BB-42D2-A194-D21E9B17E584": {
			"fileEncoding": "4",
			"isa": "PBXFileReference",
			"lastKnownFileType": "sourcecode.cpp.h",
			"name": "PingPongFbo.h",
			"sourceTree": "<group>"
		},
		"0DD0AFA2-3753-4624-9367-7566BB21DF1A": {
			"fileEncoding": "4",
			"isa": "PBXFileReference",
			"lastKnownFileType": "sourcecode.cpp.cpp",
			"name": "ofxInputField.cpp",
			"sourceTree": "<group>"
		},
		"12FB87C0-99E6-454E-B2B5-EDC2B9334B45": {
			"fileEncoding": "4",
			"isa": "PBXFileReference",
			"lastKnownFileType": "sourcecode.cpp.cpp",
			"name": "ofxPanel.cpp",
			"sourceTree": "<group>"
		},
		"139EEDC2-5EAF-48AE-8FC5-600E12F0F422": {
			"fileEncoding": "4",
			"isa": "PBXFileReference",
			"lastKnownFileType": "sourcecode.cpp.cpp",
			"name": "ofxGuiGroup.cpp",
			"sourceTree": "<group>"
		},
		"147B9448-5324-4CED-8210-16EC399DEE49": {
			"fileEncoding": "4",
			"isa": "PBXFileReference",
			"lastKnownFileType": "sourcecode.cpp.h",
			"name": "AdvectShader.h",
			"sourceTree": "<group>"
		},
		"16F51377-E486-4FA1-AD54-248DC80580D6": {
			"fileEncoding": "4",
			"isa": "PBXFileReference",
			"lastKnownFileType": "sourcecode.cpp.cpp",
			"name": "ofxSliderGroup.cpp",
			"sourceTree": "<group>"
		},
		"191CD6FA2847E21E0085CBB6": {
			"fileEncoding": "4",
			"isa": "PBXFileReference",
			"lastKnownFileType": "text.plist.entitlements",
			"path": "of.entitlements",
			"sourceTree": "<group>"
		},
		"191EF70929D778A400F35F26": {
			"isa": "PBXFileReference",
			"lastKnownFileType": "folder",
			"name": "openFrameworks",
			"path": "../../../libs/openFrameworks",
			"sourceTree": "SOURCE_ROOT"
		},
		"1989F907-DA74-4724-AEF2-C4AEC16232F6": {
			"fileRef": "597DDA09-55F4-4BAA-803F-775A2A3A1805",
			"isa": "PBXBuildFile"
		},
		"19A59859-3D62-46AA-8862-C2B5525D9E5A": {
			"fileEncoding": "4",
			"isa": "PBXFileReference",
			"lastKnownFileType": "sourcecode.cpp.h",
			"name": "Renderer.h",
			"sourceTree": "<group>"
		},
		"19B789C429E5AB4A0082E9B8": {
			"alwaysOutOfDate": "1",
			"buildActionMask": "2147483647",
			"files": [],
			"inputFileListPaths": [],
			"inputPaths": [],
			"isa": "PBXShellScriptBuildPhase",
			"outputFileListPaths": [],
			"outputPaths": [],
			"runOnlyForDeploymentPostprocessing": "0",
			"shellPath": "/bin/sh",
			"shellScript": "\"$OF_PATH/scripts/osx/xcode_project.sh\"\n",
			"showEnvVarsInLog": "0"
		},
		"1F66FB12-7D7B-43A9-839A-08E2E7ED6D09": {
			"fileRef": "004C0023-821D-441D-B0EF-80F2AF206CFC",
			"isa": "PBXBuildFile"
		},
		"2DB9D9AF-80EB-4747-B1AD-AF8337B1741E": {
			"fileEncoding": "4",
			"isa": "PBXFileReference",
			"lastKnownFileType": "sourcecode.cpp.cpp",
			"name": "ofxColorPicker.cpp",
			"sourceTree": "<group>"
		},
		"35BA4016-D408-4FCF-ACA1-A4030E46EBFB": {
			"fileEncoding": "4",
			"isa": "PBXFileReference",
			"lastKnownFileType": "sourcecode.cpp.h",
			"name": "ofxMotionFromVideo.h",
			"sourceTree": "<group>"
		},
		"44B6EA5F-3E1D-492B-A073-4BBB1222339E": {
			"fileEncoding": "4",
			"isa": "PBXFileReference",
			"lastKnownFileType": "sourcecode.cpp.h",
			"name": "Shader.h",
			"sourceTree": "<group>"
		},
		"47544A0A-E6F8-43CC-A240-9C6F036B3C91": {
			"fileEncoding": "4",
			"isa": "PBXFileReference",
			"lastKnownFileType": "sourcecode.cpp.h",
			"name": "ofxGui.h",
			"sourceTree": "<group>"
		},
		"4D094601-3B05-4977-9011-45F487214D67": {
			"fileEncoding": "4",
			"isa": "PBXFileReference",
			"lastKnownFileType": "sourcecode.cpp.h",
			"name": "ofxColorPicker.h",
			"sourceTree": "<group>"
		},
		"4DF5B868-02C4-46AA-BD67-FC922B8ECFD9": {
			"fileEncoding": "4",
			"isa": "PBXFileReference",
			"lastKnownFileType": "sourcecode.cpp.h",
			"name": "MaskShader.h",
			"sourceTree": "<group>"
		},
		"5210539C-B089-4FF6-B887-4BA36884930C": {
			"fileEncoding": "4",
			"isa": "PBXFileReference",
			"lastKnownFileType": "sourcecode.cpp.cpp",
			"name": "ofxMotionFromVideo.cpp",
			"sourceTree": "<group>"
		},
		"555C106D-D119-4D5E-9BBB-468E1928BC0F": {
			"fileEncoding": "4",
			"isa": "PBXFileReference",
			"lastKnownFileType": "sourcecode.cpp.h",
			"name": "LogisticFnShader.h",
			"sourceTree": "<group>"
		},
		"568E8619-C22E-4A81-B17C-1D4D73C7EB97": {
			"fileEncoding": "4",
			"isa": "PBXFileReference",
			"lastKnownFileType": "sourcecode.cpp.h",
			"name": "ApplyBouyancyShader.h",
			"sourceTree": "<group>"
		},
		"597DDA09-55F4-4BAA-803F-775A2A3A1805": {
			"fileEncoding": "4",
			"isa": "PBXFileReference",
			"lastKnownFileType": "sourcecode.cpp.cpp",
			"name": "ofxSlider.cpp",
			"sourceTree": "<group>"
		},
		"5A6E08AC-5FC0-46B3-9876-B93C2D8D764E": {
			"fileEncoding": "4",
			"isa": "PBXFileReference",
			"lastKnownFileType": "sourcecode.cpp.h",
			"name": "ofxGuiGroup.h",
			"sourceTree": "<group>"
		},
		"5ABC39B4-BD03-47D2-A80E-5B3306F82D72": {
			"fileEncoding": "4",
			"isa": "PBXFileReference",
			"lastKnownFileType": "sourcecode.cpp.h",
			"name": "VorticityRenderer.h",
			"sourceTree": "<group>"
		},
		"5F4C5331-8FB6-4709-8E3F-ABE8AFB8B234": {
			"fileEncoding": "4",
			"isa": "PBXFileReference",
			"lastKnownFileType": "sourcecode.cpp.h",
			"name": "ofxLabel.h",
			"sourceTree": "<group>"
		},
		"5FF868DA-06F5-4F0A-A281-BDFEEE8E0D96": {
			"fileRef": "0DD0AFA2-3753-4624-9367-7566BB21DF1A",
			"isa": "PBXBuildFile"
		},
		"612AEDD6-189B-4168-ABF8-135C7B162956": {
			"fileEncoding": "4",
			"isa": "PBXFileReference",
			"lastKnownFileType": "sourcecode.cpp.h",
			"name": "ofxSliderGroup.h",
			"sourceTree": "<group>"
		},
		"643D72DA-73D8-4BAA-B159-5799A298917F": {
			"fileEncoding": "4",
			"isa": "PBXFileReference",
			"lastKnownFileType": "sourcecode.cpp.h",
			"name": "AddTextureShader.h",
			"sourceTree": "<group>"
		},
		"69146181-E805-4621-83D3-88EE34E19610": {
			"fileEncoding": "4",
			"isa": "PBXFileReference",
			"lastKnownFileType": "sourcecode.cpp.h",
			"name": "ofxGuiUtils.h",
			"sourceTree": "<group>"
		},
		"6DACD8D5-42D7-4DA1-AC2B-F6DC97A2622B": {
			"fileEncoding": "4",
			"isa": "PBXFileReference",
			"lastKnownFileType": "sourcecode.cpp.h",
			"name": "ofxSlider.h",
			"sourceTree": "<group>"
		},
		"6EFF1F93-C101-43C0-8C96-DB5F28D80B81": {
			"fileEncoding": "4",
			"isa": "PBXFileReference",
			"lastKnownFileType": "sourcecode.cpp.h",
			"name": "GaussianYBlurShader.h",
			"sourceTree": "<group>"
		},
		"7AAD9A58-C8CD-40A3-96E8-13B35FA9E341": {
			"fileEncoding": "4",
			"isa": "PBXFileReference",
			"lastKnownFileType": "sourcecode.cpp.h",
			"name": "FluidSimulation.h",
			"sourceTree": "<group>"
		},
		"7BE254D6-F878-4482-934B-3E6A98E1E0AE": {
			"children": [
				"84FA1066-E858-4BA9-9562-2C6FF38F0348"
			],
			"isa": "PBXGroup",
			"name": "ofxMotionFromVideo",
			"path": "ofxMotionFromVideo",
			"sourceTree": "<group>"
		},
		"7CD49D2C-9818-478B-9D29-611543476860": {
			"fileRef": "12FB87C0-99E6-454E-B2B5-EDC2B9334B45",
			"isa": "PBXBuildFile"
		},
		"84FA1066-E858-4BA9-9562-2C6FF38F0348": {
			"children": [
				"5210539C-B089-4FF6-B887-4BA36884930C",
				"35BA4016-D408-4FCF-ACA1-A4030E46EBFB"
			],
			"isa": "PBXGroup",
			"name": "src",
			"path": "src",
			"sourceTree": "<group>"
		},
		"873678AF-969D-4FEF-9279-2B294F5EAC08": {
			"children": [
				"EDAB0920-394A-4E44-805F-27D7D1E2E2EB",
				"BEA3FE20-8515-46F2-BD10-8BF061AEDC3E",
				"147B9448-5324-4CED-8210-16EC399DEE49",
				"568E8619-C22E-4A81-B17C-1D4D73C7EB97",
				"CDD1D3A6-8908-4767-BD2B-D003243D8271",
				"BFCD0885-A1B4-48CF-914C-F802EC38D127",
				"7AAD9A58-C8CD-40A3-96E8-13B35FA9E341",
				"EDCECE0B-E85A-4E9D-88FF-02DA15F13175",
				"99AF2E19-F0A3-454E-9CBD-0BFAA295556C",
				"5ABC39B4-BD03-47D2-A80E-5B3306F82D72"
			],
			"isa": "PBXGroup",
			"name": "fluid",
			"path": "fluid",
			"sourceTree": "<group>"
		},
		"8D1EB5E1-7043-4154-8A07-E8A8D20962CA": {
			"fileEncoding": "4",
			"isa": "PBXFileReference",
			"lastKnownFileType": "sourcecode.cpp.cpp",
			"name": "ofxLabel.cpp",
			"sourceTree": "<group>"
		},
		"8D41996F-31FF-4FB1-B6CA-70606429B112": {
			"children": [
				"B06B4733-5DD5-43BC-A8CF-EF1F252B2526"
			],
			"isa": "PBXGroup",
			"name": "ofxGui",
			"path": "ofxGui",
			"sourceTree": "<group>"
		},
		"908CEE75-7BE6-43F9-ADFD-DF9AAF072392": {
			"fileRef": "2DB9D9AF-80EB-4747-B1AD-AF8337B1741E",
			"isa": "PBXBuildFile"
		},
		"90CD5ECF-0BDB-4E17-B4C5-5E42DAFB2B4E": {
			"fileEncoding": "4",
			"isa": "PBXFileReference",
			"lastKnownFileType": "sourcecode.cpp.cpp",
			"name": "ofxBaseGui.cpp",
			"sourceTree": "<group>"
		},
		"946DD1D7-14FD-42F7-BA09-2BA638989C7A": {
			"children": [
				"643D72DA-73D8-4BAA-B159-5799A298917F",
				"F71D4766-AD80-4949-ABF5-2E49798C9C4A",
				"6EFF1F93-C101-43C0-8C96-DB5F28D80B81",
				"555C106D-D119-4D5E-9BBB-468E1928BC0F",
				"4DF5B868-02C4-46AA-BD67-FC922B8ECFD9",
				"E3DF6E0C-FEC1-47A5-A6B0-F145C6BCF57F",
				"B5D41675-E213-4B98-AD86-E9CEB3F0B6BE",
				"B6F3CD0D-3FED-455B-B412-E282C8F5A2C3"
			],
			"isa": "PBXGroup",
			"name": "shaders",
			"path": "shaders",
			"sourceTree": "<group>"
		},
		"99AF2E19-F0A3-454E-9CBD-0BFAA295556C": {
			"fileEncoding": "4",
			"isa": "PBXFileReference",
			"lastKnownFileType": "sourcecode.cpp.h",
			"name": "SubtractDivergenceShader.h",
			"sourceTree": "<group>"
		},
		"9B42492D-D1DE-4419-91E6-596688A349E0": {
			"fileRef": "5210539C-B089-4FF6-B887-4BA36884930C",
			"isa": "PBXBuildFile"
		},
		"AA54B08C-A3F5-43E9-81AF-81367CA0EC1D": {
			"fileEncoding": "4",
			"isa": "PBXFileReference",
			"lastKnownFileType": "sourcecode.cpp.h",
			"name": "ofxInputField.h",
			"sourceTree": "<group>"
		},
		"ACDE344E-56DA-4050-A3D4-3622D7964542": {
			"fileEncoding": "4",
			"isa": "PBXFileReference",
			"lastKnownFileType": "sourcecode.cpp.h",
			"name": "ofxBaseGui.h",
			"sourceTree": "<group>"
		},
		"B06B4733-5DD5-43BC-A8CF-EF1F252B2526": {
			"children": [
				"90CD5ECF-0BDB-4E17-B4C5-5E42DAFB2B4E",
				"ACDE344E-56DA-4050-A3D4-3622D7964542",
				"004C0023-821D-441D-B0EF-80F2AF206CFC",
				"CC2FC730-8913-408F-AD61-231DA7A65A0D",
				"2DB9D9AF-80EB-4747-B1AD-AF8337B1741E",
				"4D094601-3B05-4977-9011-45F487214D67",
				"47544A0A-E6F8-43CC-A240-9C6F036B3C91",
				"139EEDC2-5EAF-48AE-8FC5-600E12F0F422",
				"5A6E08AC-5FC0-46B3-9876-B93C2D8D764E",
				"69146181-E805-4621-83D3-88EE34E19610",
				"0DD0AFA2-3753-4624-9367-7566BB21DF1A",
				"AA54B08C-A3F5-43E9-81AF-81367CA0EC1D",
				"8D1EB5E1-7043-4154-8A07-E8A8D20962CA",
				"5F4C5331-8FB6-4709-8E3F-ABE8AFB8B234",
				"12FB87C0-99E6-454E-B2B5-EDC2B9334B45",
				"02935E1A-8EDF-4FDA-B074-8D8397C858D9",
				"597DDA09-55F4-4BAA-803F-775A2A3A1805",
				"6DACD8D5-42D7-4DA1-AC2B-F6DC97A2622B",
				"16F51377-E486-4FA1-AD54-248DC80580D6",
				"612AEDD6-189B-4168-ABF8-135C7B162956",
				"C8C9FBD7-88C2-4300-AC97-35CAE8CE7853",
				"E4C6511D-0C87-4F8A-BC9E-28F39F8F1D73"
			],
			"isa": "PBXGroup",
			"name": "src",
			"path": "src",
			"sourceTree": "<group>"
		},
		"B0FD0E6B-FB90-46E6-9FC6-29ACD33C6516": {
			"fileRef": "139EEDC2-5EAF-48AE-8FC5-600E12F0F422",
			"isa": "PBXBuildFile"
		},
		"B5D41675-E213-4B98-AD86-E9CEB3F0B6BE": {
			"fileEncoding": "4",
			"isa": "PBXFileReference",
			"lastKnownFileType": "sourcecode.cpp.h",
			"name": "OpticalFlowShader.h",
			"sourceTree": "<group>"
		},
		"B63E7AC9-BB33-4618-A304-294841B267AA": {
			"fileRef": "90CD5ECF-0BDB-4E17-B4C5-5E42DAFB2B4E",
			"isa": "PBXBuildFile"
		},
		"B6F3CD0D-3FED-455B-B412-E282C8F5A2C3": {
			"fileEncoding": "4",
			"isa": "PBXFileReference",
			"lastKnownFileType": "sourcecode.cpp.h",
			"name": "TranslateShader.h",
			"sourceTree": "<group>"
		},
		"BB4B014C10F69532006C3DED": {
			"children": [
				"8D41996F-31FF-4FB1-B6CA-70606429B112",
				"FEB94061-6756-423C-9ED2-354FF9B6128E",
				"7BE254D6-F878-4482-934B-3E6A98E1E0AE"
			],
			"isa": "PBXGroup",
			"name": "addons",
			"path": "../../../addons",
			"sourceTree": "SOURCE_ROOT"
		},
		"BEA3FE20-8515-46F2-BD10-8BF061AEDC3E": {
			"fileEncoding": "4",
			"isa": "PBXFileReference",
			"lastKnownFileType": "sourcecode.cpp.h",
			"name": "AddRadialImpulseShader.h",
			"sourceTree": "<group>"
		},
		"BFCD0885-A1B4-48CF-914C-F802EC38D127": {
			"fileEncoding": "4",
			"isa": "PBXFileReference",
			"lastKnownFileType": "sourcecode.cpp.h",
			"name": "DivergenceRenderer.h",
			"sourceTree": "<group>"
		},
		"C8C9FBD7-88C2-4300-AC97-35CAE8CE7853": {
			"fileEncoding": "4",
			"isa": "PBXFileReference",
			"lastKnownFileType": "sourcecode.cpp.cpp",
			"name": "ofxToggle.cpp",
			"sourceTree": "<group>"
		},
		"CC2FC730-8913-408F-AD61-231DA7A65A0D": {
			"fileEncoding": "4",
			"isa": "PBXFileReference",
			"lastKnownFileType": "sourcecode.cpp.h",
			"name": "ofxButton.h",
			"sourceTree": "<group>"
		},
		"CDD1D3A6-8908-4767-BD2B-D003243D8271": {
			"fileEncoding": "4",
			"isa": "PBXFileReference",
			"lastKnownFileType": "sourcecode.cpp.h",
			"name": "ApplyVorticityForceShader.h",
			"sourceTree": "<group>"
		},
		"D8BC90BC-4AE8-4B15-84DF-91ABC0678E28": {
			"fileEncoding": "4",
			"isa": "PBXFileReference",
			"lastKnownFileType": "sourcecode.cpp.h",
			"name": "PingPongRenderer.h",
			"sourceTree": "<group>"
		},
		"DEE014D8-636D-442A-8285-3415DEEF3C9C": {
			"children": [
				"0A45BD36-D9BB-42D2-A194-D21E9B17E584",
				"D8BC90BC-4AE8-4B15-84DF-91ABC0678E28",
				"19A59859-3D62-46AA-8862-C2B5525D9E5A",
				"44B6EA5F-3E1D-492B-A073-4BBB1222339E",
				"873678AF-969D-4FEF-9279-2B294F5EAC08",
				"946DD1D7-14FD-42F7-BA09-2BA638989C7A"
			],
			"isa": "PBXGroup",
			"name": "src",
			"path": "src",
			"sourceTree": "<group>"
		},
		"E3DF6E0C-FEC1-47A5-A6B0-F145C6BCF57F": {
			"fileEncoding": "4",
			"isa": "PBXFileReference",
			"lastKnownFileType": "sourcecode.cpp.h",
			"name": "MultiplyColorShader.h",
			"sourceTree": "<group>"
		},
		"E42962A92163ECCD00A6A9E2": {
			"alwaysOutOfDate": "1",
			"buildActionMask": "2147483647",
			"files": [],
			"inputPaths": [],
			"isa": "PBXShellScriptBuildPhase",
			"name": "Run Script — Compile OF",
			"outputPaths": [],
			"runOnlyForDeploymentPostprocessing": "0",
			"shellPath": "/bin/sh",
			"shellScript": "$OF_CORE_BUILD_COMMAND\n",
			"showEnvVarsInLog": "0"
		},
		"E4A5B60F29BAAAE400C2D356": {
			"buildActionMask": "2147483647",
			"dstPath": "",
			"dstSubfolderSpec": "6",
			"files": [],
			"isa": "PBXCopyFilesBuildPhase",
			"runOnlyForDeploymentPostprocessing": "0"
		},
		"E4B69B4A0A3A1720003C02F2": {
			"children": [
				"191CD6FA2847E21E0085CBB6",
				"E4B6FCAD0C3E899E008CF71C",
				"E4EB6923138AFD0F00A09F29",
				"E4B69E1C0A3A1BDC003C02F2",
				"191EF70929D778A400F35F26",
				"BB4B014C10F69532006C3DED",
				"E4B69B5B0A3A1756003C02F2",
				"FD4FE928-5AA7-4F70-852A-D773446BED64"
			],
			"isa": "PBXGroup",
			"sourceTree": "<group>"
		},
		"E4B69B4C0A3A1720003C02F2": {
			"attributes": {
				"BuildIndependentTargetsInParallel": "YES",
				"LastUpgradeCheck": "1540"
			},
			"buildConfigurationList": "E4B69B4D0A3A1720003C02F2",
			"compatibilityVersion": "Xcode 3.2",
			"developmentRegion": "en",
			"hasScannedForEncodings": "0",
			"isa": "PBXProject",
			"knownRegions": [
				"en",
				"Base"
			],
			"mainGroup": "E4B69B4A0A3A1720003C02F2",
			"productRefGroup": "E4B69B4A0A3A1720003C02F2",
			"projectDirPath": "",
			"projectRoot": "",
			"targets": [
				"E4B69B5A0A3A1756003C02F2"
			]
		},
		"E4B69B4D0A3A1720003C02F2": {
			"buildConfigurations": [
				"E4B69B4E0A3A1720003C02F2",
				"E4B69B4F0A3A1720003C02F2"
			],
			"defaultConfigurationIsVisible": "0",
			"defaultConfigurationName": "Release",
			"isa": "XCConfigurationList"
		},
		"E4B69B4E0A3A1720003C02F2": {
			"baseConfigurationReference": "E4EB6923138AFD0F00A09F29",
			"buildSettings": {
				"CODE_SIGN_ENTITLEMENTS": "of.entitlements",
				"COPY_PHASE_STRIP": "NO",
				"ENABLE_TESTABILITY": "YES",
				"GCC_OPTIMIZATION_LEVEL": "0",
				"GCC_WARN_UNUSED_VARIABLE": "NO",
				"HEADER_SEARCH_PATHS": [
					"$(OF_CORE_HEADERS)",
					"src"
				],
				"OTHER_CPLUSPLUSFLAGS": "-D__MACOSX_CORE__"
			},
			"isa": "XCBuildConfiguration",
			"name": "Debug"
		},
		"E4B69B4F0A3A1720003C02F2": {
			"baseConfigurationReference": "E4EB6923138AFD0F00A09F29",
			"buildSettings": {
				"CODE_SIGN_ENTITLEMENTS": "of.entitlements",
				"COPY_PHASE_STRIP": "YES",
				"GCC_OPTIMIZATION_LEVEL": "3",
				"GCC_UNROLL_LOOPS": "YES",
				"HEADER_SEARCH_PATHS": [
					"$(OF_CORE_HEADERS)",
					"src"
				],
				"OTHER_CPLUSPLUSFLAGS": "-D__MACOSX_CORE__"
			},
			"isa": "XCBuildConfiguration",
			"name": "Release"
		},
		"E4B69B580A3A1756003C02F2": {
			"buildActionMask": "2147483647",
			"files": [
				"E4B69E200A3A1BDC003C02F2",
				"E4B69E210A3A1BDC003C02F2",
				"B63E7AC9-BB33-4618-A304-294841B267AA",
				"1F66FB12-7D7B-43A9-839A-08E2E7ED6D09",
				"908CEE75-7BE6-43F9-ADFD-DF9AAF072392",
				"B0FD0E6B-FB90-46E6-9FC6-29ACD33C6516",
				"5FF868DA-06F5-4F0A-A281-BDFEEE8E0D96",
				"E7F2C763-2713-46F7-8348-C89A1864E696",
				"7CD49D2C-9818-478B-9D29-611543476860",
				"1989F907-DA74-4724-AEF2-C4AEC16232F6",
				"F521C889-0434-4BDF-9771-552CE9A3D64C",
				"F3871C04-6794-41E6-9EA1-9C83F97BA75D",
				"9B42492D-D1DE-4419-91E6-596688A349E0"
			],
			"isa": "PBXSourcesBuildPhase",
			"runOnlyForDeploymentPostprocessing": "0"
		},
		"E4B69B590A3A1756003C02F2": {
			"buildActionMask": "2147483647",
			"files": [],
			"isa": "PBXFrameworksBuildPhase",
			"runOnlyForDeploymentPostprocessing": "0"
		},
		"E4B69B5A0A3A1756003C02F2": {
			"buildConfigurationList": "E4B69B5F0A3A1757003C02F2",
			"buildPhases": [
				"E42962A92163ECCD00A6A9E2",
				"E4B69B580A3A1756003C02F2",
				"E4B69B590A3A1756003C02F2",
				"E4C2427710CC5ABF004149E2",
				"E4A5B60F29BAAAE400C2D356",
				"19B789C429E5AB4A0082E9B8"
			],
			"buildRules": [],
			"dependencies": [],
			"isa": "PBXNativeTarget",
			"name": "example_VideoMotionIntoFluid",
			"productName": "myOFApp",
			"productReference": "E4B69B5B0A3A1756003C02F2",
			"productType": "com.apple.product-type.application"
		},
		"E4B69B5B0A3A1756003C02F2": {
			"explicitFileType": "wrapper.application",
			"includeInIndex": "0",
			"isa": "PBXFileReference",
			"path": "example_VideoMotionIntoFluidDebug.app",
			"sourceTree": "BUILT_PRODUCTS_DIR"
		},
		"E4B69B5F0A3A1757003C02F2": {
			"buildConfigurations": [
				"E4B69B600A3A1757003C02F2",
				"E4B69B610A3A1757003C02F2"
			],
			"defaultConfigurationIsVisible": "0",
			"defaultConfigurationName": "Release",
			"isa": "XCConfigurationList"
		},
		"E4B69B600A3A1757003C02F2": {
			"baseConfigurationReference": "E4EB6923138AFD0F00A09F29",
			"buildSettings": {
				"ARCHS": "$(ARCHS_STANDARD)",
				"COPY_PHASE_STRIP": "NO",
				"FRAMEWORK_SEARCH_PATHS": "$(inherited)",
				"GCC_DYNAMIC_NO_PIC": "NO",
				"HEADER_SEARCH_PATHS": [
					"$(OF_CORE_HEADERS)",
					"src",
					"src",
					"../../ofxGui/src",
					"../../ofxRenderer/src",
					"../../ofxRenderer/src/fluid",
					"../../ofxRenderer/src/shaders",
					"../src"
				],
				"LIBRARY_SEARCH_PATHS": "$(inherited)",
				"OTHER_LDFLAGS": [
					"$(OF_CORE_LIBS)",
					"$(OF_CORE_FRAMEWORKS)",
					"$(LIB_OF_DEBUG)"
				]
			},
			"isa": "XCBuildConfiguration",
			"name": "Debug"
		},
		"E4B69B610A3A1757003C02F2": {
			"baseConfigurationReference": "E4EB6923138AFD0F00A09F29",
			"buildSettings": {
				"ARCHS": "$(ARCHS_STANDARD)",
				"COPY_PHASE_STRIP": "YES",
				"FRAMEWORK_SEARCH_PATHS": "$(inherited)",
				"HEADER_SEARCH_PATHS": [
					"$(OF_CORE_HEADERS)",
					"src",
					"src",
					"../../ofxGui/src",
					"../../ofxRenderer/src",
					"../../ofxRenderer/src/fluid",
					"../../ofxRenderer/src/shaders",
					"../src"
				],
				"LIBRARY_SEARCH_PATHS": "$(inherited)",
				"OTHER_LDFLAGS": [
					"$(OF_CORE_LIBS)",
					"$(OF_CORE_FRAMEWORKS)",
					"$(LIB_OF_RELEASE)"
				],
				"baseConfigurationReference": "E4EB6923138AFD0F00A09F29"
			},
			"isa": "XCBuildConfiguration",
			"name": "Release"
		},
		"E4B69E1C0A3A1BDC003C02F2": {
			"children": [
				"E4B69E1D0A3A1BDC003C02F2",
				"E4B69E1E0A3A1BDC003C02F2",
				"E4B69E1F0A3A1BDC003C02F2"
			],
			"isa": "PBXGroup",
			"path": "src",
			"sourceTree": "SOURCE_ROOT"
		},
		"E4B69E1D0A3A1BDC003C02F2": {
			"fileEncoding": "4",
			"isa": "PBXFileReference",
			"lastKnownFileType": "sourcecode.cpp.cpp",
			"name": "main.cpp",
			"path": "src/main.cpp",
			"sourceTree": "SOURCE_ROOT"
		},
		"E4B69E1E0A3A1BDC003C02F2": {
			"explicitFileType": "sourcecode.cpp.cpp",
			"fileEncoding": "4",
			"isa": "PBXFileReference",
			"name": "ofApp.cpp",
			"path": "src/ofApp.cpp",
			"sourceTree": "SOURCE_ROOT"
		},
		"E4B69E1F0A3A1BDC003C02F2": {
			"fileEncoding": "4",
			"isa": "PBXFileReference",
			"lastKnownFileType": "sourcecode.c.h",
			"name": "ofApp.h",
			"path": "src/ofApp.h",
			"sourceTree": "SOURCE_ROOT"
		},
		"E4B69E200A3A1BDC003C02F2": {
			"fileRef": "E4B69E1D0A3A1BDC003C02F2",
			"isa": "PBXBuildFile"
		},
		"E4B69E210A3A1BDC003C02F2": {
			"fileRef": "E4B69E1E0A3A1BDC003C02F2",
			"isa": "PBXBuildFile"
		},
		"E4B6FCAD0C3E899E008CF71C": {
			"fileEncoding": "4",
			"isa": "PBXFileReference",
			"lastKnownFileType": "text.plist.xml",
			"path": "openFrameworks-Info.plist",
			"sourceTree": "<group>"
		},
		"E4C2427710CC5ABF004149E2": {
			"buildActionMask": "2147483647",
			"dstPath": "",
			"dstSubfolderSpec": "10",
			"files": [],
			"isa": "PBXCopyFilesBuildPhase",
			"runOnlyForDeploymentPostprocessing": "0"
		},
		"E4C6511D-0C87-4F8A-BC9E-28F39F8F1D73": {
			"fileEncoding": "4",
			"isa": "PBXFileReference",
			"lastKnownFileType": "sourcecode.cpp.h",
			"name": "ofxToggle.h",
			"sourceTree": "<group>"
		},
		"E4EB6923138AFD0F00A09F29": {
			"fileEncoding": "4",
			"isa": "PBXFileReference",
			"lastKnownFileType": "text.xcconfig",
			"path": "Project.xcconfig",
			"sourceTree": "<group>"
		},
		"E7F2C763-2713-46F7-8348-C89A1864E696": {
			"fileRef": "8D1EB5E1-7043-4154-8A07-E8A8D20962CA",
			"isa": "PBXBuildFile"
		},
		"EDAB0920-394A-4E44-805F-27D7D1E2E2EB": {
			"fileEncoding": "4",
			"isa": "PBXFileReference",
			"lastKnownFileType": "sourcecode.cpp.h",
			"name": "AddImpulseSpotShader.h",
			"sourceTree": "<group>"
		},
		"EDCECE0B-E85A-4E9D-88FF-02DA15F13175": {
			"fileEncoding": "4",
			"isa": "PBXFileReference",
			"lastKnownFileType": "sourcecode.cpp.h",
			"name": "JacobiShader.h",
			"sourceTree": "<group>"
		},
		"F3871C04-6794-41E6-9EA1-9C83F97BA75D": {
			"fileRef": "C8C9FBD7-88C2-4300-AC97-35CAE8CE7853",
			"isa": "PBXBuildFile"
		},
		"F521C889-0434-4BDF-9771-552CE9A3D64C": {
			"fileRef": "16F51377-E486-4FA1-AD54-248DC80580D6",
			"isa": "PBXBuildFile"
		},
		"F71D4766-AD80-4949-ABF5-2E49798C9C4A": {
			"fileEncoding": "4",
			"isa": "PBXFileReference",
			"lastKnownFileType": "sourcecode.cpp.h",
			"name": "GaussianXBlurShader.h",
			"sourceTree": "<group>"
		},
		"FD4FE928-5AA7-4F70-852A-D773446BED64": {
			"fileEncoding": "4",
			"isa": "PBXFileReference",
			"lastKnownFileType": "folder",
			"name": "data",
			"path": "bin/data",
			"sourceTree": "SOURCE_ROOT"
		},
		"FEB94061-6756-423C-9ED2-354FF9B6128E": {
			"children": [
				"DEE014D8-636D-442A-8285-3415DEEF3C9C"
			],
			"isa": "PBXGroup",
			"name": "ofxRenderer",
			"path": "ofxRenderer",
			"sourceTree": "<group>"
		}
	},
	"rootObject": "E4B69B4C0A3A1720003C02F2"
}